// !$*UTF8*$!
{
	archiveVersion = 1;
	classes = {
	};
	objectVersion = 46;
	objects = {

/* Begin PBXBuildFile section */
		1EAA0DBBF4988C5D23A4A301 /* Pods_Transloadit_Tests.framework in Frameworks */ = {isa = PBXBuildFile; fileRef = 44AF3FB3BFCFF6D64B6D2AE2 /* Pods_Transloadit_Tests.framework */; };
		2446A28F2B64F070A84FBAD7 /* Pods_Transloadit_MacOS_Example.framework in Frameworks */ = {isa = PBXBuildFile; fileRef = 19B76181F661058890B1C36C /* Pods_Transloadit_MacOS_Example.framework */; };
		28123E881F832782004CD204 /* Transloadit.podspec in Resources */ = {isa = PBXBuildFile; fileRef = 28123E871F832782004CD204 /* Transloadit.podspec */; };
		2858DA351F68BF7D005325A3 /* test.jpg in Resources */ = {isa = PBXBuildFile; fileRef = 2858DA341F68BF7D005325A3 /* test.jpg */; };
		28615CFE209F8AD000E3D237 /* transloadit.png in Resources */ = {isa = PBXBuildFile; fileRef = 28615CFD209F8AD000E3D237 /* transloadit.png */; };
		287BD35120EC709900A599C3 /* TransloaditViewController.m in Sources */ = {isa = PBXBuildFile; fileRef = 6003F5A6195388D20070C39A /* TransloaditViewController.m */; };
		288D098422DCE5E000F7A3BB /* TransloaditKit.framework in Frameworks */ = {isa = PBXBuildFile; fileRef = 288D097B22DCE5E000F7A3BB /* TransloaditKit.framework */; };
		288D098B22DCE5E000F7A3BB /* TransloaditKitTests.m in Sources */ = {isa = PBXBuildFile; fileRef = 288D098A22DCE5E000F7A3BB /* TransloaditKitTests.m */; };
		288D098D22DCE5E000F7A3BB /* TransloaditKit.h in Headers */ = {isa = PBXBuildFile; fileRef = 288D097D22DCE5E000F7A3BB /* TransloaditKit.h */; settings = {ATTRIBUTES = (Public, ); }; };
		288D099022DCE5E000F7A3BB /* TransloaditKit.framework in Frameworks */ = {isa = PBXBuildFile; fileRef = 288D097B22DCE5E000F7A3BB /* TransloaditKit.framework */; };
		288D099122DCE5E000F7A3BB /* TransloaditKit.framework in Embed Frameworks */ = {isa = PBXBuildFile; fileRef = 288D097B22DCE5E000F7A3BB /* TransloaditKit.framework */; settings = {ATTRIBUTES = (CodeSignOnCopy, RemoveHeadersOnCopy, ); }; };
		288D09B922DCE67000F7A3BB /* test.jpg in Sources */ = {isa = PBXBuildFile; fileRef = 288D099A22DCE66000F7A3BB /* test.jpg */; };
		288D09BA22DCE67300F7A3BB /* Transloadit.h in Sources */ = {isa = PBXBuildFile; fileRef = 288D099C22DCE66000F7A3BB /* Transloadit.h */; };
		288D09BB22DCE67700F7A3BB /* NSString+Utils.h in Sources */ = {isa = PBXBuildFile; fileRef = 288D099D22DCE66000F7A3BB /* NSString+Utils.h */; };
		288D09BC22DCE67B00F7A3BB /* TransloaditResponse.h in Sources */ = {isa = PBXBuildFile; fileRef = 288D099E22DCE66000F7A3BB /* TransloaditResponse.h */; };
		288D09BD22DCE67F00F7A3BB /* Resources.h in Sources */ = {isa = PBXBuildFile; fileRef = 288D09A022DCE66000F7A3BB /* Resources.h */; };
		288D09BE22DCE68200F7A3BB /* TransloaditConstants.h in Sources */ = {isa = PBXBuildFile; fileRef = 288D09A222DCE66000F7A3BB /* TransloaditConstants.h */; };
		288D09BF22DCE68700F7A3BB /* URLConstants.h in Sources */ = {isa = PBXBuildFile; fileRef = 288D09A422DCE66000F7A3BB /* URLConstants.h */; };
		288D09C022DCE68700F7A3BB /* Assembly.h in Sources */ = {isa = PBXBuildFile; fileRef = 288D09A522DCE66000F7A3BB /* Assembly.h */; };
		288D09C122DCE68700F7A3BB /* Step.h in Sources */ = {isa = PBXBuildFile; fileRef = 288D09A622DCE66000F7A3BB /* Step.h */; };
		288D09C222DCE68700F7A3BB /* APIObjectType.h in Sources */ = {isa = PBXBuildFile; fileRef = 288D09A722DCE66000F7A3BB /* APIObjectType.h */; };
		288D09C322DCE68700F7A3BB /* Template.m in Sources */ = {isa = PBXBuildFile; fileRef = 288D09A822DCE66000F7A3BB /* Template.m */; };
		288D09C422DCE68700F7A3BB /* APIObject.m in Sources */ = {isa = PBXBuildFile; fileRef = 288D09A922DCE66000F7A3BB /* APIObject.m */; };
		288D09C522DCE68700F7A3BB /* Assembly.m in Sources */ = {isa = PBXBuildFile; fileRef = 288D09AA22DCE66000F7A3BB /* Assembly.m */; };
		288D09C622DCE68700F7A3BB /* Step.m in Sources */ = {isa = PBXBuildFile; fileRef = 288D09AB22DCE66000F7A3BB /* Step.m */; };
		288D09C722DCE68700F7A3BB /* APIState.h in Sources */ = {isa = PBXBuildFile; fileRef = 288D09AC22DCE66000F7A3BB /* APIState.h */; };
		288D09C822DCE68700F7A3BB /* APIObject.h in Sources */ = {isa = PBXBuildFile; fileRef = 288D09AD22DCE66000F7A3BB /* APIObject.h */; };
		288D09C922DCE68700F7A3BB /* Template.h in Sources */ = {isa = PBXBuildFile; fileRef = 288D09AE22DCE66000F7A3BB /* Template.h */; };
		288D09CA22DCE68E00F7A3BB /* .gitkeep in Sources */ = {isa = PBXBuildFile; fileRef = 288D09AF22DCE66000F7A3BB /* .gitkeep */; };
		288D09CB22DCE68E00F7A3BB /* TransloaditProtocol.h in Sources */ = {isa = PBXBuildFile; fileRef = 288D09B022DCE66000F7A3BB /* TransloaditProtocol.h */; };
		288D09CC22DCE68E00F7A3BB /* TransloaditRequest.m in Sources */ = {isa = PBXBuildFile; fileRef = 288D09B122DCE66000F7A3BB /* TransloaditRequest.m */; };
		288D09CD22DCE68E00F7A3BB /* TransloaditDelegate.h in Sources */ = {isa = PBXBuildFile; fileRef = 288D09B222DCE66000F7A3BB /* TransloaditDelegate.h */; };
		288D09CE22DCE68E00F7A3BB /* Transloadit.m in Sources */ = {isa = PBXBuildFile; fileRef = 288D09B322DCE66000F7A3BB /* Transloadit.m */; };
		288D09CF22DCE68E00F7A3BB /* NSString+Utils.m in Sources */ = {isa = PBXBuildFile; fileRef = 288D09B622DCE66000F7A3BB /* NSString+Utils.m */; };
		288D09D022DCE68E00F7A3BB /* TransloaditResponse.m in Sources */ = {isa = PBXBuildFile; fileRef = 288D09B722DCE66000F7A3BB /* TransloaditResponse.m */; };
		288D09D122DCE68E00F7A3BB /* TransloaditRequest.h in Sources */ = {isa = PBXBuildFile; fileRef = 288D09B822DCE66000F7A3BB /* TransloaditRequest.h */; };
		288D0A1C22DCE91F00F7A3BB /* tus.framework in Frameworks */ = {isa = PBXBuildFile; fileRef = 288D0A1B22DCE91F00F7A3BB /* tus.framework */; };
		28C00B3C1ECD8F1900430748 /* AppDelegate.m in Sources */ = {isa = PBXBuildFile; fileRef = 28C00B3B1ECD8F1900430748 /* AppDelegate.m */; };
		28C00B3F1ECD8F1900430748 /* main.m in Sources */ = {isa = PBXBuildFile; fileRef = 28C00B3E1ECD8F1900430748 /* main.m */; };
		28C00B421ECD8F1900430748 /* ViewController.m in Sources */ = {isa = PBXBuildFile; fileRef = 28C00B411ECD8F1900430748 /* ViewController.m */; };
		28C00B441ECD8F1900430748 /* Assets.xcassets in Resources */ = {isa = PBXBuildFile; fileRef = 28C00B431ECD8F1900430748 /* Assets.xcassets */; };
		28C00B471ECD8F1900430748 /* Main.storyboard in Resources */ = {isa = PBXBuildFile; fileRef = 28C00B451ECD8F1900430748 /* Main.storyboard */; };
		28C00B521ECD8F1900430748 /* Transloadit_MacOS_ExampleTests.m in Sources */ = {isa = PBXBuildFile; fileRef = 28C00B511ECD8F1900430748 /* Transloadit_MacOS_ExampleTests.m */; };
		2FB9C8D74C411896B72BCB96 /* Pods_Transloadit_Example.framework in Frameworks */ = {isa = PBXBuildFile; fileRef = 95A15976B509852E99F93FD7 /* Pods_Transloadit_Example.framework */; };
		6003F58E195388D20070C39A /* Foundation.framework in Frameworks */ = {isa = PBXBuildFile; fileRef = 6003F58D195388D20070C39A /* Foundation.framework */; };
		6003F590195388D20070C39A /* CoreGraphics.framework in Frameworks */ = {isa = PBXBuildFile; fileRef = 6003F58F195388D20070C39A /* CoreGraphics.framework */; };
		6003F592195388D20070C39A /* UIKit.framework in Frameworks */ = {isa = PBXBuildFile; fileRef = 6003F591195388D20070C39A /* UIKit.framework */; };
		6003F598195388D20070C39A /* InfoPlist.strings in Resources */ = {isa = PBXBuildFile; fileRef = 6003F596195388D20070C39A /* InfoPlist.strings */; };
		6003F59A195388D20070C39A /* main.m in Sources */ = {isa = PBXBuildFile; fileRef = 6003F599195388D20070C39A /* main.m */; };
		6003F59E195388D20070C39A /* TransloaditAppDelegate.m in Sources */ = {isa = PBXBuildFile; fileRef = 6003F59D195388D20070C39A /* TransloaditAppDelegate.m */; };
		6003F5A9195388D20070C39A /* Images.xcassets in Resources */ = {isa = PBXBuildFile; fileRef = 6003F5A8195388D20070C39A /* Images.xcassets */; };
		6003F5B1195388D20070C39A /* Foundation.framework in Frameworks */ = {isa = PBXBuildFile; fileRef = 6003F58D195388D20070C39A /* Foundation.framework */; };
		6003F5B2195388D20070C39A /* UIKit.framework in Frameworks */ = {isa = PBXBuildFile; fileRef = 6003F591195388D20070C39A /* UIKit.framework */; };
		6003F5BA195388D20070C39A /* InfoPlist.strings in Resources */ = {isa = PBXBuildFile; fileRef = 6003F5B8195388D20070C39A /* InfoPlist.strings */; };
		6003F5BC195388D20070C39A /* Tests.m in Sources */ = {isa = PBXBuildFile; fileRef = 6003F5BB195388D20070C39A /* Tests.m */; };
		873B8AEB1B1F5CCA007FD442 /* Main.storyboard in Resources */ = {isa = PBXBuildFile; fileRef = 873B8AEA1B1F5CCA007FD442 /* Main.storyboard */; };
/* End PBXBuildFile section */

/* Begin PBXContainerItemProxy section */
		288D098522DCE5E000F7A3BB /* PBXContainerItemProxy */ = {
			isa = PBXContainerItemProxy;
			containerPortal = 6003F582195388D10070C39A /* Project object */;
			proxyType = 1;
			remoteGlobalIDString = 288D097A22DCE5E000F7A3BB;
			remoteInfo = TransloaditKit;
		};
		288D098722DCE5E000F7A3BB /* PBXContainerItemProxy */ = {
			isa = PBXContainerItemProxy;
			containerPortal = 6003F582195388D10070C39A /* Project object */;
			proxyType = 1;
			remoteGlobalIDString = 6003F589195388D20070C39A;
			remoteInfo = Transloadit_Example;
		};
		288D098E22DCE5E000F7A3BB /* PBXContainerItemProxy */ = {
			isa = PBXContainerItemProxy;
			containerPortal = 6003F582195388D10070C39A /* Project object */;
			proxyType = 1;
			remoteGlobalIDString = 288D097A22DCE5E000F7A3BB;
			remoteInfo = TransloaditKit;
		};
		28C00B4E1ECD8F1900430748 /* PBXContainerItemProxy */ = {
			isa = PBXContainerItemProxy;
			containerPortal = 6003F582195388D10070C39A /* Project object */;
			proxyType = 1;
			remoteGlobalIDString = 28C00B371ECD8F1900430748;
			remoteInfo = Transloadit_MacOS_Example;
		};
		28C00B591ECD8F1900430748 /* PBXContainerItemProxy */ = {
			isa = PBXContainerItemProxy;
			containerPortal = 6003F582195388D10070C39A /* Project object */;
			proxyType = 1;
			remoteGlobalIDString = 28C00B371ECD8F1900430748;
			remoteInfo = Transloadit_MacOS_Example;
		};
		6003F5B3195388D20070C39A /* PBXContainerItemProxy */ = {
			isa = PBXContainerItemProxy;
			containerPortal = 6003F582195388D10070C39A /* Project object */;
			proxyType = 1;
			remoteGlobalIDString = 6003F589195388D20070C39A;
			remoteInfo = Transloadit;
		};
/* End PBXContainerItemProxy section */

/* Begin PBXCopyFilesBuildPhase section */
		289616E5203D1EBE0023EE37 /* Embed Frameworks */ = {
			isa = PBXCopyFilesBuildPhase;
			buildActionMask = 2147483647;
			dstPath = "";
			dstSubfolderSpec = 10;
			files = (
				288D099122DCE5E000F7A3BB /* TransloaditKit.framework in Embed Frameworks */,
			);
			name = "Embed Frameworks";
			runOnlyForDeploymentPostprocessing = 0;
		};
/* End PBXCopyFilesBuildPhase section */

/* Begin PBXFileReference section */
		00527FF412666775D11D7EF3 /* Pods-Transloadit_MacOS_Example.release.xcconfig */ = {isa = PBXFileReference; includeInIndex = 1; lastKnownFileType = text.xcconfig; name = "Pods-Transloadit_MacOS_Example.release.xcconfig"; path = "Pods/Target Support Files/Pods-Transloadit_MacOS_Example/Pods-Transloadit_MacOS_Example.release.xcconfig"; sourceTree = "<group>"; };
		19B76181F661058890B1C36C /* Pods_Transloadit_MacOS_Example.framework */ = {isa = PBXFileReference; explicitFileType = wrapper.framework; includeInIndex = 0; path = Pods_Transloadit_MacOS_Example.framework; sourceTree = BUILT_PRODUCTS_DIR; };
		28123E871F832782004CD204 /* Transloadit.podspec */ = {isa = PBXFileReference; fileEncoding = 4; lastKnownFileType = text; name = Transloadit.podspec; path = ../Transloadit.podspec; sourceTree = "<group>"; xcLanguageSpecificationIdentifier = xcode.lang.ruby; };
		2858DA341F68BF7D005325A3 /* test.jpg */ = {isa = PBXFileReference; lastKnownFileType = image.jpeg; path = test.jpg; sourceTree = "<group>"; };
		28615CFD209F8AD000E3D237 /* transloadit.png */ = {isa = PBXFileReference; lastKnownFileType = image.png; path = transloadit.png; sourceTree = "<group>"; };
		288D097B22DCE5E000F7A3BB /* TransloaditKit.framework */ = {isa = PBXFileReference; explicitFileType = wrapper.framework; includeInIndex = 0; path = TransloaditKit.framework; sourceTree = BUILT_PRODUCTS_DIR; };
		288D097D22DCE5E000F7A3BB /* TransloaditKit.h */ = {isa = PBXFileReference; lastKnownFileType = sourcecode.c.h; path = TransloaditKit.h; sourceTree = "<group>"; };
		288D097E22DCE5E000F7A3BB /* Info.plist */ = {isa = PBXFileReference; lastKnownFileType = text.plist.xml; path = Info.plist; sourceTree = "<group>"; };
		288D098322DCE5E000F7A3BB /* TransloaditKitTests.xctest */ = {isa = PBXFileReference; explicitFileType = wrapper.cfbundle; includeInIndex = 0; path = TransloaditKitTests.xctest; sourceTree = BUILT_PRODUCTS_DIR; };
		288D098A22DCE5E000F7A3BB /* TransloaditKitTests.m */ = {isa = PBXFileReference; lastKnownFileType = sourcecode.c.objc; path = TransloaditKitTests.m; sourceTree = "<group>"; };
		288D098C22DCE5E000F7A3BB /* Info.plist */ = {isa = PBXFileReference; lastKnownFileType = text.plist.xml; path = Info.plist; sourceTree = "<group>"; };
		288D099922DCE66000F7A3BB /* .gitkeep */ = {isa = PBXFileReference; lastKnownFileType = text; path = .gitkeep; sourceTree = "<group>"; };
		288D099A22DCE66000F7A3BB /* test.jpg */ = {isa = PBXFileReference; lastKnownFileType = image.jpeg; path = test.jpg; sourceTree = "<group>"; };
		288D099C22DCE66000F7A3BB /* Transloadit.h */ = {isa = PBXFileReference; lastKnownFileType = sourcecode.c.h; path = Transloadit.h; sourceTree = "<group>"; };
		288D099D22DCE66000F7A3BB /* NSString+Utils.h */ = {isa = PBXFileReference; lastKnownFileType = sourcecode.c.h; path = "NSString+Utils.h"; sourceTree = "<group>"; };
		288D099E22DCE66000F7A3BB /* TransloaditResponse.h */ = {isa = PBXFileReference; lastKnownFileType = sourcecode.c.h; path = TransloaditResponse.h; sourceTree = "<group>"; };
		288D09A022DCE66000F7A3BB /* Resources.h */ = {isa = PBXFileReference; lastKnownFileType = sourcecode.c.h; path = Resources.h; sourceTree = "<group>"; };
		288D09A222DCE66000F7A3BB /* TransloaditConstants.h */ = {isa = PBXFileReference; lastKnownFileType = sourcecode.c.h; path = TransloaditConstants.h; sourceTree = "<group>"; };
		288D09A422DCE66000F7A3BB /* URLConstants.h */ = {isa = PBXFileReference; lastKnownFileType = sourcecode.c.h; path = URLConstants.h; sourceTree = "<group>"; };
		288D09A522DCE66000F7A3BB /* Assembly.h */ = {isa = PBXFileReference; lastKnownFileType = sourcecode.c.h; path = Assembly.h; sourceTree = "<group>"; };
		288D09A622DCE66000F7A3BB /* Step.h */ = {isa = PBXFileReference; lastKnownFileType = sourcecode.c.h; path = Step.h; sourceTree = "<group>"; };
		288D09A722DCE66000F7A3BB /* APIObjectType.h */ = {isa = PBXFileReference; lastKnownFileType = sourcecode.c.h; path = APIObjectType.h; sourceTree = "<group>"; };
		288D09A822DCE66000F7A3BB /* Template.m */ = {isa = PBXFileReference; lastKnownFileType = sourcecode.c.objc; path = Template.m; sourceTree = "<group>"; };
		288D09A922DCE66000F7A3BB /* APIObject.m */ = {isa = PBXFileReference; lastKnownFileType = sourcecode.c.objc; path = APIObject.m; sourceTree = "<group>"; };
		288D09AA22DCE66000F7A3BB /* Assembly.m */ = {isa = PBXFileReference; lastKnownFileType = sourcecode.c.objc; path = Assembly.m; sourceTree = "<group>"; };
		288D09AB22DCE66000F7A3BB /* Step.m */ = {isa = PBXFileReference; lastKnownFileType = sourcecode.c.objc; path = Step.m; sourceTree = "<group>"; };
		288D09AC22DCE66000F7A3BB /* APIState.h */ = {isa = PBXFileReference; lastKnownFileType = sourcecode.c.h; path = APIState.h; sourceTree = "<group>"; };
		288D09AD22DCE66000F7A3BB /* APIObject.h */ = {isa = PBXFileReference; lastKnownFileType = sourcecode.c.h; path = APIObject.h; sourceTree = "<group>"; };
		288D09AE22DCE66000F7A3BB /* Template.h */ = {isa = PBXFileReference; lastKnownFileType = sourcecode.c.h; path = Template.h; sourceTree = "<group>"; };
		288D09AF22DCE66000F7A3BB /* .gitkeep */ = {isa = PBXFileReference; lastKnownFileType = text; path = .gitkeep; sourceTree = "<group>"; };
		288D09B022DCE66000F7A3BB /* TransloaditProtocol.h */ = {isa = PBXFileReference; lastKnownFileType = sourcecode.c.h; path = TransloaditProtocol.h; sourceTree = "<group>"; };
		288D09B122DCE66000F7A3BB /* TransloaditRequest.m */ = {isa = PBXFileReference; lastKnownFileType = sourcecode.c.objc; path = TransloaditRequest.m; sourceTree = "<group>"; };
		288D09B222DCE66000F7A3BB /* TransloaditDelegate.h */ = {isa = PBXFileReference; lastKnownFileType = sourcecode.c.h; path = TransloaditDelegate.h; sourceTree = "<group>"; };
		288D09B322DCE66000F7A3BB /* Transloadit.m */ = {isa = PBXFileReference; lastKnownFileType = sourcecode.c.objc; path = Transloadit.m; sourceTree = "<group>"; };
		288D09B622DCE66000F7A3BB /* NSString+Utils.m */ = {isa = PBXFileReference; lastKnownFileType = sourcecode.c.objc; path = "NSString+Utils.m"; sourceTree = "<group>"; };
		288D09B722DCE66000F7A3BB /* TransloaditResponse.m */ = {isa = PBXFileReference; lastKnownFileType = sourcecode.c.objc; path = TransloaditResponse.m; sourceTree = "<group>"; };
		288D09B822DCE66000F7A3BB /* TransloaditRequest.h */ = {isa = PBXFileReference; lastKnownFileType = sourcecode.c.h; path = TransloaditRequest.h; sourceTree = "<group>"; };
		288D0A1B22DCE91F00F7A3BB /* tus.framework */ = {isa = PBXFileReference; lastKnownFileType = wrapper.framework; name = tus.framework; path = ../../TUSKit/Example/Carthage/Build/iOS/tus.framework; sourceTree = "<group>"; };
		28C00B381ECD8F1900430748 /* Transloadit_MacOS_Example.app */ = {isa = PBXFileReference; explicitFileType = wrapper.application; includeInIndex = 0; path = Transloadit_MacOS_Example.app; sourceTree = BUILT_PRODUCTS_DIR; };
		28C00B3A1ECD8F1900430748 /* AppDelegate.h */ = {isa = PBXFileReference; lastKnownFileType = sourcecode.c.h; path = AppDelegate.h; sourceTree = "<group>"; };
		28C00B3B1ECD8F1900430748 /* AppDelegate.m */ = {isa = PBXFileReference; lastKnownFileType = sourcecode.c.objc; path = AppDelegate.m; sourceTree = "<group>"; };
		28C00B3E1ECD8F1900430748 /* main.m */ = {isa = PBXFileReference; lastKnownFileType = sourcecode.c.objc; path = main.m; sourceTree = "<group>"; };
		28C00B401ECD8F1900430748 /* ViewController.h */ = {isa = PBXFileReference; lastKnownFileType = sourcecode.c.h; path = ViewController.h; sourceTree = "<group>"; };
		28C00B411ECD8F1900430748 /* ViewController.m */ = {isa = PBXFileReference; lastKnownFileType = sourcecode.c.objc; path = ViewController.m; sourceTree = "<group>"; };
		28C00B431ECD8F1900430748 /* Assets.xcassets */ = {isa = PBXFileReference; lastKnownFileType = folder.assetcatalog; path = Assets.xcassets; sourceTree = "<group>"; };
		28C00B461ECD8F1900430748 /* Base */ = {isa = PBXFileReference; lastKnownFileType = file.storyboard; name = Base; path = Base.lproj/Main.storyboard; sourceTree = "<group>"; };
		28C00B481ECD8F1900430748 /* Info.plist */ = {isa = PBXFileReference; lastKnownFileType = text.plist.xml; path = Info.plist; sourceTree = "<group>"; };
		28C00B4D1ECD8F1900430748 /* Transloadit_MacOS_ExampleTests.xctest */ = {isa = PBXFileReference; explicitFileType = wrapper.cfbundle; includeInIndex = 0; path = Transloadit_MacOS_ExampleTests.xctest; sourceTree = BUILT_PRODUCTS_DIR; };
		28C00B511ECD8F1900430748 /* Transloadit_MacOS_ExampleTests.m */ = {isa = PBXFileReference; lastKnownFileType = sourcecode.c.objc; path = Transloadit_MacOS_ExampleTests.m; sourceTree = "<group>"; };
		28C00B531ECD8F1900430748 /* Info.plist */ = {isa = PBXFileReference; lastKnownFileType = text.plist.xml; path = Info.plist; sourceTree = "<group>"; };
		28C00B581ECD8F1900430748 /* Transloadit_MacOS_ExampleUITests.xctest */ = {isa = PBXFileReference; explicitFileType = wrapper.cfbundle; includeInIndex = 0; path = Transloadit_MacOS_ExampleUITests.xctest; sourceTree = BUILT_PRODUCTS_DIR; };
		2B2B7C90177ACBFEB3A9A510 /* README.md */ = {isa = PBXFileReference; includeInIndex = 1; lastKnownFileType = net.daringfireball.markdown; name = README.md; path = ../README.md; sourceTree = "<group>"; };
		44AF3FB3BFCFF6D64B6D2AE2 /* Pods_Transloadit_Tests.framework */ = {isa = PBXFileReference; explicitFileType = wrapper.framework; includeInIndex = 0; path = Pods_Transloadit_Tests.framework; sourceTree = BUILT_PRODUCTS_DIR; };
		537323ADD6A7804CD526F2EC /* Pods-Transloadit_Example.debug.xcconfig */ = {isa = PBXFileReference; includeInIndex = 1; lastKnownFileType = text.xcconfig; name = "Pods-Transloadit_Example.debug.xcconfig"; path = "Pods/Target Support Files/Pods-Transloadit_Example/Pods-Transloadit_Example.debug.xcconfig"; sourceTree = "<group>"; };
		6003F58A195388D20070C39A /* Transloadit_Example.app */ = {isa = PBXFileReference; explicitFileType = wrapper.application; includeInIndex = 0; path = Transloadit_Example.app; sourceTree = BUILT_PRODUCTS_DIR; };
		6003F58D195388D20070C39A /* Foundation.framework */ = {isa = PBXFileReference; lastKnownFileType = wrapper.framework; name = Foundation.framework; path = System/Library/Frameworks/Foundation.framework; sourceTree = SDKROOT; };
		6003F58F195388D20070C39A /* CoreGraphics.framework */ = {isa = PBXFileReference; lastKnownFileType = wrapper.framework; name = CoreGraphics.framework; path = System/Library/Frameworks/CoreGraphics.framework; sourceTree = SDKROOT; };
		6003F591195388D20070C39A /* UIKit.framework */ = {isa = PBXFileReference; lastKnownFileType = wrapper.framework; name = UIKit.framework; path = System/Library/Frameworks/UIKit.framework; sourceTree = SDKROOT; };
		6003F595195388D20070C39A /* Transloadit-Info.plist */ = {isa = PBXFileReference; lastKnownFileType = text.plist.xml; path = "Transloadit-Info.plist"; sourceTree = "<group>"; };
		6003F597195388D20070C39A /* en */ = {isa = PBXFileReference; lastKnownFileType = text.plist.strings; name = en; path = en.lproj/InfoPlist.strings; sourceTree = "<group>"; };
		6003F599195388D20070C39A /* main.m */ = {isa = PBXFileReference; lastKnownFileType = sourcecode.c.objc; path = main.m; sourceTree = "<group>"; };
		6003F59B195388D20070C39A /* Transloadit-Prefix.pch */ = {isa = PBXFileReference; lastKnownFileType = sourcecode.c.h; path = "Transloadit-Prefix.pch"; sourceTree = "<group>"; };
		6003F59C195388D20070C39A /* TransloaditAppDelegate.h */ = {isa = PBXFileReference; lastKnownFileType = sourcecode.c.h; path = TransloaditAppDelegate.h; sourceTree = "<group>"; };
		6003F59D195388D20070C39A /* TransloaditAppDelegate.m */ = {isa = PBXFileReference; lastKnownFileType = sourcecode.c.objc; path = TransloaditAppDelegate.m; sourceTree = "<group>"; };
		6003F5A5195388D20070C39A /* TransloaditViewController.h */ = {isa = PBXFileReference; lastKnownFileType = sourcecode.c.h; path = TransloaditViewController.h; sourceTree = "<group>"; };
		6003F5A6195388D20070C39A /* TransloaditViewController.m */ = {isa = PBXFileReference; lastKnownFileType = sourcecode.c.objc; path = TransloaditViewController.m; sourceTree = "<group>"; };
		6003F5A8195388D20070C39A /* Images.xcassets */ = {isa = PBXFileReference; lastKnownFileType = folder.assetcatalog; path = Images.xcassets; sourceTree = "<group>"; };
		6003F5AE195388D20070C39A /* Transloadit_Tests.xctest */ = {isa = PBXFileReference; explicitFileType = wrapper.cfbundle; includeInIndex = 0; path = Transloadit_Tests.xctest; sourceTree = BUILT_PRODUCTS_DIR; };
		6003F5B7195388D20070C39A /* Tests-Info.plist */ = {isa = PBXFileReference; lastKnownFileType = text.plist.xml; path = "Tests-Info.plist"; sourceTree = "<group>"; };
		6003F5B9195388D20070C39A /* en */ = {isa = PBXFileReference; lastKnownFileType = text.plist.strings; name = en; path = en.lproj/InfoPlist.strings; sourceTree = "<group>"; };
		6003F5BB195388D20070C39A /* Tests.m */ = {isa = PBXFileReference; lastKnownFileType = sourcecode.c.objc; path = Tests.m; sourceTree = "<group>"; };
		606FC2411953D9B200FFA9A0 /* Tests-Prefix.pch */ = {isa = PBXFileReference; lastKnownFileType = sourcecode.c.h; path = "Tests-Prefix.pch"; sourceTree = "<group>"; };
		65E16A8EE569809861EF1D39 /* Pods-Transloadit_MacOS_Example.debug.xcconfig */ = {isa = PBXFileReference; includeInIndex = 1; lastKnownFileType = text.xcconfig; name = "Pods-Transloadit_MacOS_Example.debug.xcconfig"; path = "Pods/Target Support Files/Pods-Transloadit_MacOS_Example/Pods-Transloadit_MacOS_Example.debug.xcconfig"; sourceTree = "<group>"; };
		77D471307D08D37EA8C02241 /* LICENSE */ = {isa = PBXFileReference; includeInIndex = 1; lastKnownFileType = text; name = LICENSE; path = ../LICENSE; sourceTree = "<group>"; };
		7D68932393C52ADDAE39EEB9 /* Pods-Transloadit_Tests.release.xcconfig */ = {isa = PBXFileReference; includeInIndex = 1; lastKnownFileType = text.xcconfig; name = "Pods-Transloadit_Tests.release.xcconfig"; path = "Pods/Target Support Files/Pods-Transloadit_Tests/Pods-Transloadit_Tests.release.xcconfig"; sourceTree = "<group>"; };
		873B8AEA1B1F5CCA007FD442 /* Main.storyboard */ = {isa = PBXFileReference; fileEncoding = 4; lastKnownFileType = file.storyboard; path = Main.storyboard; sourceTree = "<group>"; };
		95A15976B509852E99F93FD7 /* Pods_Transloadit_Example.framework */ = {isa = PBXFileReference; explicitFileType = wrapper.framework; includeInIndex = 0; path = Pods_Transloadit_Example.framework; sourceTree = BUILT_PRODUCTS_DIR; };
		C4DC71FF827E294252051851 /* Pods-Transloadit_Tests.debug.xcconfig */ = {isa = PBXFileReference; includeInIndex = 1; lastKnownFileType = text.xcconfig; name = "Pods-Transloadit_Tests.debug.xcconfig"; path = "Pods/Target Support Files/Pods-Transloadit_Tests/Pods-Transloadit_Tests.debug.xcconfig"; sourceTree = "<group>"; };
		EA9F4436920D9BD937E967A2 /* Pods-Transloadit_Example.release.xcconfig */ = {isa = PBXFileReference; includeInIndex = 1; lastKnownFileType = text.xcconfig; name = "Pods-Transloadit_Example.release.xcconfig"; path = "Pods/Target Support Files/Pods-Transloadit_Example/Pods-Transloadit_Example.release.xcconfig"; sourceTree = "<group>"; };
/* End PBXFileReference section */

/* Begin PBXFrameworksBuildPhase section */
		288D097822DCE5E000F7A3BB /* Frameworks */ = {
			isa = PBXFrameworksBuildPhase;
			buildActionMask = 2147483647;
			files = (
				288D0A1C22DCE91F00F7A3BB /* tus.framework in Frameworks */,
			);
			runOnlyForDeploymentPostprocessing = 0;
		};
		288D098022DCE5E000F7A3BB /* Frameworks */ = {
			isa = PBXFrameworksBuildPhase;
			buildActionMask = 2147483647;
			files = (
				288D098422DCE5E000F7A3BB /* TransloaditKit.framework in Frameworks */,
			);
			runOnlyForDeploymentPostprocessing = 0;
		};
		28C00B351ECD8F1900430748 /* Frameworks */ = {
			isa = PBXFrameworksBuildPhase;
			buildActionMask = 2147483647;
			files = (
				2446A28F2B64F070A84FBAD7 /* Pods_Transloadit_MacOS_Example.framework in Frameworks */,
			);
			runOnlyForDeploymentPostprocessing = 0;
		};
		28C00B4A1ECD8F1900430748 /* Frameworks */ = {
			isa = PBXFrameworksBuildPhase;
			buildActionMask = 2147483647;
			files = (
			);
			runOnlyForDeploymentPostprocessing = 0;
		};
		28C00B551ECD8F1900430748 /* Frameworks */ = {
			isa = PBXFrameworksBuildPhase;
			buildActionMask = 2147483647;
			files = (
			);
			runOnlyForDeploymentPostprocessing = 0;
		};
		6003F587195388D20070C39A /* Frameworks */ = {
			isa = PBXFrameworksBuildPhase;
			buildActionMask = 2147483647;
			files = (
				6003F590195388D20070C39A /* CoreGraphics.framework in Frameworks */,
				288D099022DCE5E000F7A3BB /* TransloaditKit.framework in Frameworks */,
				6003F592195388D20070C39A /* UIKit.framework in Frameworks */,
				6003F58E195388D20070C39A /* Foundation.framework in Frameworks */,
				2FB9C8D74C411896B72BCB96 /* Pods_Transloadit_Example.framework in Frameworks */,
			);
			runOnlyForDeploymentPostprocessing = 0;
		};
		6003F5AB195388D20070C39A /* Frameworks */ = {
			isa = PBXFrameworksBuildPhase;
			buildActionMask = 2147483647;
			files = (
				6003F5B2195388D20070C39A /* UIKit.framework in Frameworks */,
				6003F5B1195388D20070C39A /* Foundation.framework in Frameworks */,
				1EAA0DBBF4988C5D23A4A301 /* Pods_Transloadit_Tests.framework in Frameworks */,
			);
			runOnlyForDeploymentPostprocessing = 0;
		};
/* End PBXFrameworksBuildPhase section */

/* Begin PBXGroup section */
		288D097C22DCE5E000F7A3BB /* TransloaditKit */ = {
			isa = PBXGroup;
			children = (
				288D097D22DCE5E000F7A3BB /* TransloaditKit.h */,
				288D097E22DCE5E000F7A3BB /* Info.plist */,
			);
			path = TransloaditKit;
			sourceTree = "<group>";
		};
		288D098922DCE5E000F7A3BB /* TransloaditKitTests */ = {
			isa = PBXGroup;
			children = (
				288D098A22DCE5E000F7A3BB /* TransloaditKitTests.m */,
				288D098C22DCE5E000F7A3BB /* Info.plist */,
			);
			path = TransloaditKitTests;
			sourceTree = "<group>";
		};
		288D099822DCE66000F7A3BB /* Assets */ = {
			isa = PBXGroup;
			children = (
				288D099922DCE66000F7A3BB /* .gitkeep */,
				288D099A22DCE66000F7A3BB /* test.jpg */,
			);
			name = Assets;
			path = ../Transloadit/Assets;
			sourceTree = "<group>";
		};
		288D099B22DCE66000F7A3BB /* Classes */ = {
			isa = PBXGroup;
			children = (
				288D099C22DCE66000F7A3BB /* Transloadit.h */,
				288D099D22DCE66000F7A3BB /* NSString+Utils.h */,
				288D099E22DCE66000F7A3BB /* TransloaditResponse.h */,
				288D099F22DCE66000F7A3BB /* Resources */,
				288D09AF22DCE66000F7A3BB /* .gitkeep */,
				288D09B022DCE66000F7A3BB /* TransloaditProtocol.h */,
				288D09B122DCE66000F7A3BB /* TransloaditRequest.m */,
				288D09B222DCE66000F7A3BB /* TransloaditDelegate.h */,
				288D09B322DCE66000F7A3BB /* Transloadit.m */,
				288D09B422DCE66000F7A3BB /* API Models */,
				288D09B522DCE66000F7A3BB /* New Group */,
				288D09B622DCE66000F7A3BB /* NSString+Utils.m */,
				288D09B722DCE66000F7A3BB /* TransloaditResponse.m */,
				288D09B822DCE66000F7A3BB /* TransloaditRequest.h */,
			);
			name = Classes;
			path = ../Transloadit/Classes;
			sourceTree = "<group>";
		};
		288D099F22DCE66000F7A3BB /* Resources */ = {
			isa = PBXGroup;
			children = (
				288D09A022DCE66000F7A3BB /* Resources.h */,
				288D09A122DCE66000F7A3BB /* Template */,
				288D09A222DCE66000F7A3BB /* TransloaditConstants.h */,
				288D09A322DCE66000F7A3BB /* API */,
			);
			path = Resources;
			sourceTree = "<group>";
		};
		288D09A122DCE66000F7A3BB /* Template */ = {
			isa = PBXGroup;
			children = (
			);
			path = Template;
			sourceTree = "<group>";
		};
		288D09A322DCE66000F7A3BB /* API */ = {
			isa = PBXGroup;
			children = (
				288D09A422DCE66000F7A3BB /* URLConstants.h */,
				288D09A522DCE66000F7A3BB /* Assembly.h */,
				288D09A622DCE66000F7A3BB /* Step.h */,
				288D09A722DCE66000F7A3BB /* APIObjectType.h */,
				288D09A822DCE66000F7A3BB /* Template.m */,
				288D09A922DCE66000F7A3BB /* APIObject.m */,
				288D09AA22DCE66000F7A3BB /* Assembly.m */,
				288D09AB22DCE66000F7A3BB /* Step.m */,
				288D09AC22DCE66000F7A3BB /* APIState.h */,
				288D09AD22DCE66000F7A3BB /* APIObject.h */,
				288D09AE22DCE66000F7A3BB /* Template.h */,
			);
			path = API;
			sourceTree = "<group>";
		};
		288D09B422DCE66000F7A3BB /* API Models */ = {
			isa = PBXGroup;
			children = (
			);
			path = "API Models";
			sourceTree = "<group>";
		};
		288D09B522DCE66000F7A3BB /* New Group */ = {
			isa = PBXGroup;
			children = (
			);
			path = "New Group";
			sourceTree = "<group>";
		};
		28C00B391ECD8F1900430748 /* Transloadit_MacOS_Example */ = {
			isa = PBXGroup;
			children = (
				28C00B3A1ECD8F1900430748 /* AppDelegate.h */,
				28C00B3B1ECD8F1900430748 /* AppDelegate.m */,
				28C00B401ECD8F1900430748 /* ViewController.h */,
				28C00B411ECD8F1900430748 /* ViewController.m */,
				28C00B431ECD8F1900430748 /* Assets.xcassets */,
				28C00B451ECD8F1900430748 /* Main.storyboard */,
				28C00B481ECD8F1900430748 /* Info.plist */,
				28C00B3D1ECD8F1900430748 /* Supporting Files */,
			);
			path = Transloadit_MacOS_Example;
			sourceTree = "<group>";
		};
		28C00B3D1ECD8F1900430748 /* Supporting Files */ = {
			isa = PBXGroup;
			children = (
				28C00B3E1ECD8F1900430748 /* main.m */,
			);
			name = "Supporting Files";
			sourceTree = "<group>";
		};
		28C00B501ECD8F1900430748 /* Transloadit_MacOS_ExampleTests */ = {
			isa = PBXGroup;
			children = (
				28C00B511ECD8F1900430748 /* Transloadit_MacOS_ExampleTests.m */,
				28C00B531ECD8F1900430748 /* Info.plist */,
			);
			path = Transloadit_MacOS_ExampleTests;
			sourceTree = "<group>";
		};
		3D2A6C041422882E64BB9C94 /* Pods */ = {
			isa = PBXGroup;
			children = (
				537323ADD6A7804CD526F2EC /* Pods-Transloadit_Example.debug.xcconfig */,
				EA9F4436920D9BD937E967A2 /* Pods-Transloadit_Example.release.xcconfig */,
				C4DC71FF827E294252051851 /* Pods-Transloadit_Tests.debug.xcconfig */,
				7D68932393C52ADDAE39EEB9 /* Pods-Transloadit_Tests.release.xcconfig */,
				65E16A8EE569809861EF1D39 /* Pods-Transloadit_MacOS_Example.debug.xcconfig */,
				00527FF412666775D11D7EF3 /* Pods-Transloadit_MacOS_Example.release.xcconfig */,
			);
			name = Pods;
			sourceTree = "<group>";
		};
		6003F581195388D10070C39A = {
			isa = PBXGroup;
			children = (
				288D099822DCE66000F7A3BB /* Assets */,
				288D099B22DCE66000F7A3BB /* Classes */,
				60FF7A9C1954A5C5007DD14C /* Podspec Metadata */,
				6003F593195388D20070C39A /* Example for Transloadit */,
				6003F5B5195388D20070C39A /* Tests */,
				28C00B391ECD8F1900430748 /* Transloadit_MacOS_Example */,
				28C00B501ECD8F1900430748 /* Transloadit_MacOS_ExampleTests */,
				288D097C22DCE5E000F7A3BB /* TransloaditKit */,
				288D098922DCE5E000F7A3BB /* TransloaditKitTests */,
				6003F58C195388D20070C39A /* Frameworks */,
				6003F58B195388D20070C39A /* Products */,
				3D2A6C041422882E64BB9C94 /* Pods */,
			);
			sourceTree = "<group>";
		};
		6003F58B195388D20070C39A /* Products */ = {
			isa = PBXGroup;
			children = (
				6003F58A195388D20070C39A /* Transloadit_Example.app */,
				6003F5AE195388D20070C39A /* Transloadit_Tests.xctest */,
				28C00B381ECD8F1900430748 /* Transloadit_MacOS_Example.app */,
				28C00B4D1ECD8F1900430748 /* Transloadit_MacOS_ExampleTests.xctest */,
				28C00B581ECD8F1900430748 /* Transloadit_MacOS_ExampleUITests.xctest */,
				288D097B22DCE5E000F7A3BB /* TransloaditKit.framework */,
				288D098322DCE5E000F7A3BB /* TransloaditKitTests.xctest */,
			);
			name = Products;
			sourceTree = "<group>";
		};
		6003F58C195388D20070C39A /* Frameworks */ = {
			isa = PBXGroup;
			children = (
				288D0A1B22DCE91F00F7A3BB /* tus.framework */,
				6003F58D195388D20070C39A /* Foundation.framework */,
				6003F58F195388D20070C39A /* CoreGraphics.framework */,
				6003F591195388D20070C39A /* UIKit.framework */,
				95A15976B509852E99F93FD7 /* Pods_Transloadit_Example.framework */,
				19B76181F661058890B1C36C /* Pods_Transloadit_MacOS_Example.framework */,
				44AF3FB3BFCFF6D64B6D2AE2 /* Pods_Transloadit_Tests.framework */,
			);
			name = Frameworks;
			sourceTree = "<group>";
		};
		6003F593195388D20070C39A /* Example for Transloadit */ = {
			isa = PBXGroup;
			children = (
				28615CFD209F8AD000E3D237 /* transloadit.png */,
				6003F59C195388D20070C39A /* TransloaditAppDelegate.h */,
				6003F59D195388D20070C39A /* TransloaditAppDelegate.m */,
				873B8AEA1B1F5CCA007FD442 /* Main.storyboard */,
				6003F5A5195388D20070C39A /* TransloaditViewController.h */,
				6003F5A6195388D20070C39A /* TransloaditViewController.m */,
				6003F5A8195388D20070C39A /* Images.xcassets */,
				6003F594195388D20070C39A /* Supporting Files */,
			);
			name = "Example for Transloadit";
			path = Transloadit;
			sourceTree = "<group>";
		};
		6003F594195388D20070C39A /* Supporting Files */ = {
			isa = PBXGroup;
			children = (
				6003F595195388D20070C39A /* Transloadit-Info.plist */,
				6003F596195388D20070C39A /* InfoPlist.strings */,
				6003F599195388D20070C39A /* main.m */,
				6003F59B195388D20070C39A /* Transloadit-Prefix.pch */,
			);
			name = "Supporting Files";
			sourceTree = "<group>";
		};
		6003F5B5195388D20070C39A /* Tests */ = {
			isa = PBXGroup;
			children = (
				2858DA341F68BF7D005325A3 /* test.jpg */,
				6003F5BB195388D20070C39A /* Tests.m */,
				6003F5B6195388D20070C39A /* Supporting Files */,
			);
			path = Tests;
			sourceTree = "<group>";
		};
		6003F5B6195388D20070C39A /* Supporting Files */ = {
			isa = PBXGroup;
			children = (
				6003F5B7195388D20070C39A /* Tests-Info.plist */,
				6003F5B8195388D20070C39A /* InfoPlist.strings */,
				606FC2411953D9B200FFA9A0 /* Tests-Prefix.pch */,
			);
			name = "Supporting Files";
			sourceTree = "<group>";
		};
		60FF7A9C1954A5C5007DD14C /* Podspec Metadata */ = {
			isa = PBXGroup;
			children = (
				28123E871F832782004CD204 /* Transloadit.podspec */,
				2B2B7C90177ACBFEB3A9A510 /* README.md */,
				77D471307D08D37EA8C02241 /* LICENSE */,
			);
			name = "Podspec Metadata";
			sourceTree = "<group>";
		};
/* End PBXGroup section */

/* Begin PBXHeadersBuildPhase section */
		288D097622DCE5E000F7A3BB /* Headers */ = {
			isa = PBXHeadersBuildPhase;
			buildActionMask = 2147483647;
			files = (
				288D098D22DCE5E000F7A3BB /* TransloaditKit.h in Headers */,
			);
			runOnlyForDeploymentPostprocessing = 0;
		};
/* End PBXHeadersBuildPhase section */

/* Begin PBXNativeTarget section */
		288D097A22DCE5E000F7A3BB /* TransloaditKit */ = {
			isa = PBXNativeTarget;
			buildConfigurationList = 288D099622DCE5E000F7A3BB /* Build configuration list for PBXNativeTarget "TransloaditKit" */;
			buildPhases = (
				288D097622DCE5E000F7A3BB /* Headers */,
				288D097722DCE5E000F7A3BB /* Sources */,
				288D097822DCE5E000F7A3BB /* Frameworks */,
				288D097922DCE5E000F7A3BB /* Resources */,
			);
			buildRules = (
			);
			dependencies = (
			);
			name = TransloaditKit;
			productName = TransloaditKit;
			productReference = 288D097B22DCE5E000F7A3BB /* TransloaditKit.framework */;
			productType = "com.apple.product-type.framework";
		};
		288D098222DCE5E000F7A3BB /* TransloaditKitTests */ = {
			isa = PBXNativeTarget;
			buildConfigurationList = 288D099722DCE5E000F7A3BB /* Build configuration list for PBXNativeTarget "TransloaditKitTests" */;
			buildPhases = (
				288D097F22DCE5E000F7A3BB /* Sources */,
				288D098022DCE5E000F7A3BB /* Frameworks */,
				288D098122DCE5E000F7A3BB /* Resources */,
			);
			buildRules = (
			);
			dependencies = (
				288D098622DCE5E000F7A3BB /* PBXTargetDependency */,
				288D098822DCE5E000F7A3BB /* PBXTargetDependency */,
			);
			name = TransloaditKitTests;
			productName = TransloaditKitTests;
			productReference = 288D098322DCE5E000F7A3BB /* TransloaditKitTests.xctest */;
			productType = "com.apple.product-type.bundle.unit-test";
		};
		28C00B371ECD8F1900430748 /* Transloadit_MacOS_Example */ = {
			isa = PBXNativeTarget;
			buildConfigurationList = 28C00B651ECD8F1900430748 /* Build configuration list for PBXNativeTarget "Transloadit_MacOS_Example" */;
			buildPhases = (
				BF8396DE923B742A8F715289 /* [CP] Check Pods Manifest.lock */,
				28C00B341ECD8F1900430748 /* Sources */,
				28C00B351ECD8F1900430748 /* Frameworks */,
				28C00B361ECD8F1900430748 /* Resources */,
				22FBCA1DC0CB045C07DDF17E /* [CP] Embed Pods Frameworks */,
			);
			buildRules = (
			);
			dependencies = (
			);
			name = Transloadit_MacOS_Example;
			productName = Transloadit_MacOS_Example;
			productReference = 28C00B381ECD8F1900430748 /* Transloadit_MacOS_Example.app */;
			productType = "com.apple.product-type.application";
		};
		28C00B4C1ECD8F1900430748 /* Transloadit_MacOS_ExampleTests */ = {
			isa = PBXNativeTarget;
			buildConfigurationList = 28C00B661ECD8F1900430748 /* Build configuration list for PBXNativeTarget "Transloadit_MacOS_ExampleTests" */;
			buildPhases = (
				28C00B491ECD8F1900430748 /* Sources */,
				28C00B4A1ECD8F1900430748 /* Frameworks */,
				28C00B4B1ECD8F1900430748 /* Resources */,
			);
			buildRules = (
			);
			dependencies = (
				28C00B4F1ECD8F1900430748 /* PBXTargetDependency */,
			);
			name = Transloadit_MacOS_ExampleTests;
			productName = Transloadit_MacOS_ExampleTests;
			productReference = 28C00B4D1ECD8F1900430748 /* Transloadit_MacOS_ExampleTests.xctest */;
			productType = "com.apple.product-type.bundle.unit-test";
		};
		28C00B571ECD8F1900430748 /* Transloadit_MacOS_ExampleUITests */ = {
			isa = PBXNativeTarget;
			buildConfigurationList = 28C00B671ECD8F1900430748 /* Build configuration list for PBXNativeTarget "Transloadit_MacOS_ExampleUITests" */;
			buildPhases = (
				28C00B541ECD8F1900430748 /* Sources */,
				28C00B551ECD8F1900430748 /* Frameworks */,
				28C00B561ECD8F1900430748 /* Resources */,
			);
			buildRules = (
			);
			dependencies = (
				28C00B5A1ECD8F1900430748 /* PBXTargetDependency */,
			);
			name = Transloadit_MacOS_ExampleUITests;
			productName = Transloadit_MacOS_ExampleUITests;
			productReference = 28C00B581ECD8F1900430748 /* Transloadit_MacOS_ExampleUITests.xctest */;
			productType = "com.apple.product-type.bundle.ui-testing";
		};
		6003F589195388D20070C39A /* Transloadit_Example */ = {
			isa = PBXNativeTarget;
			buildConfigurationList = 6003F5BF195388D20070C39A /* Build configuration list for PBXNativeTarget "Transloadit_Example" */;
			buildPhases = (
				BF982985A8D7CDAB14BB9F29 /* [CP] Check Pods Manifest.lock */,
				6003F586195388D20070C39A /* Sources */,
				6003F587195388D20070C39A /* Frameworks */,
				6003F588195388D20070C39A /* Resources */,
				CFEFA047554B697A3CC73F8F /* [CP] Embed Pods Frameworks */,
				289616E5203D1EBE0023EE37 /* Embed Frameworks */,
			);
			buildRules = (
			);
			dependencies = (
				288D098F22DCE5E000F7A3BB /* PBXTargetDependency */,
			);
			name = Transloadit_Example;
			productName = Transloadit;
			productReference = 6003F58A195388D20070C39A /* Transloadit_Example.app */;
			productType = "com.apple.product-type.application";
		};
		6003F5AD195388D20070C39A /* Transloadit_Tests */ = {
			isa = PBXNativeTarget;
			buildConfigurationList = 6003F5C2195388D20070C39A /* Build configuration list for PBXNativeTarget "Transloadit_Tests" */;
			buildPhases = (
				92F8071A6315FC3F2D0B29C1 /* [CP] Check Pods Manifest.lock */,
				6003F5AA195388D20070C39A /* Sources */,
				6003F5AB195388D20070C39A /* Frameworks */,
				6003F5AC195388D20070C39A /* Resources */,
				11B2651EA631D513374950F1 /* [CP] Embed Pods Frameworks */,
			);
			buildRules = (
			);
			dependencies = (
				6003F5B4195388D20070C39A /* PBXTargetDependency */,
			);
			name = Transloadit_Tests;
			productName = TransloaditTests;
			productReference = 6003F5AE195388D20070C39A /* Transloadit_Tests.xctest */;
			productType = "com.apple.product-type.bundle.unit-test";
		};
/* End PBXNativeTarget section */

/* Begin PBXProject section */
		6003F582195388D10070C39A /* Project object */ = {
			isa = PBXProject;
			attributes = {
				CLASSPREFIX = Transloadit;
				LastSwiftUpdateCheck = 0920;
				LastUpgradeCheck = 0920;
				ORGANIZATIONNAME = "Mark R. Masterson";
				TargetAttributes = {
					288D097A22DCE5E000F7A3BB = {
						CreatedOnToolsVersion = 10.2.1;
						DevelopmentTeam = MPKS94G26Q;
						ProvisioningStyle = Automatic;
					};
					288D098222DCE5E000F7A3BB = {
						CreatedOnToolsVersion = 10.2.1;
						DevelopmentTeam = MPKS94G26Q;
						ProvisioningStyle = Automatic;
						TestTargetID = 6003F589195388D20070C39A;
					};
					28C00B371ECD8F1900430748 = {
						CreatedOnToolsVersion = 8.3.2;
						DevelopmentTeam = MPKS94G26Q;
						ProvisioningStyle = Automatic;
					};
					28C00B4C1ECD8F1900430748 = {
						CreatedOnToolsVersion = 8.3.2;
						DevelopmentTeam = MPKS94G26Q;
						ProvisioningStyle = Automatic;
						TestTargetID = 28C00B371ECD8F1900430748;
					};
					28C00B571ECD8F1900430748 = {
						CreatedOnToolsVersion = 8.3.2;
						DevelopmentTeam = MPKS94G26Q;
						ProvisioningStyle = Automatic;
						TestTargetID = 28C00B371ECD8F1900430748;
					};
					6003F589195388D20070C39A = {
						DevelopmentTeam = MPKS94G26Q;
						LastSwiftMigration = 0830;
					};
					6003F5AD195388D20070C39A = {
						LastSwiftMigration = 0800;
						TestTargetID = 6003F589195388D20070C39A;
					};
				};
			};
			buildConfigurationList = 6003F585195388D10070C39A /* Build configuration list for PBXProject "Transloadit" */;
			compatibilityVersion = "Xcode 3.2";
			developmentRegion = English;
			hasScannedForEncodings = 0;
			knownRegions = (
				English,
				en,
				Base,
			);
			mainGroup = 6003F581195388D10070C39A;
			productRefGroup = 6003F58B195388D20070C39A /* Products */;
			projectDirPath = "";
			projectRoot = "";
			targets = (
				6003F589195388D20070C39A /* Transloadit_Example */,
				6003F5AD195388D20070C39A /* Transloadit_Tests */,
				28C00B371ECD8F1900430748 /* Transloadit_MacOS_Example */,
				28C00B4C1ECD8F1900430748 /* Transloadit_MacOS_ExampleTests */,
				28C00B571ECD8F1900430748 /* Transloadit_MacOS_ExampleUITests */,
				288D097A22DCE5E000F7A3BB /* TransloaditKit */,
				288D098222DCE5E000F7A3BB /* TransloaditKitTests */,
			);
		};
/* End PBXProject section */

/* Begin PBXResourcesBuildPhase section */
		288D097922DCE5E000F7A3BB /* Resources */ = {
			isa = PBXResourcesBuildPhase;
			buildActionMask = 2147483647;
			files = (
			);
			runOnlyForDeploymentPostprocessing = 0;
		};
		288D098122DCE5E000F7A3BB /* Resources */ = {
			isa = PBXResourcesBuildPhase;
			buildActionMask = 2147483647;
			files = (
			);
			runOnlyForDeploymentPostprocessing = 0;
		};
		28C00B361ECD8F1900430748 /* Resources */ = {
			isa = PBXResourcesBuildPhase;
			buildActionMask = 2147483647;
			files = (
				28C00B441ECD8F1900430748 /* Assets.xcassets in Resources */,
				28C00B471ECD8F1900430748 /* Main.storyboard in Resources */,
			);
			runOnlyForDeploymentPostprocessing = 0;
		};
		28C00B4B1ECD8F1900430748 /* Resources */ = {
			isa = PBXResourcesBuildPhase;
			buildActionMask = 2147483647;
			files = (
			);
			runOnlyForDeploymentPostprocessing = 0;
		};
		28C00B561ECD8F1900430748 /* Resources */ = {
			isa = PBXResourcesBuildPhase;
			buildActionMask = 2147483647;
			files = (
			);
			runOnlyForDeploymentPostprocessing = 0;
		};
		6003F588195388D20070C39A /* Resources */ = {
			isa = PBXResourcesBuildPhase;
			buildActionMask = 2147483647;
			files = (
				873B8AEB1B1F5CCA007FD442 /* Main.storyboard in Resources */,
				2858DA351F68BF7D005325A3 /* test.jpg in Resources */,
				28123E881F832782004CD204 /* Transloadit.podspec in Resources */,
				6003F5A9195388D20070C39A /* Images.xcassets in Resources */,
				28615CFE209F8AD000E3D237 /* transloadit.png in Resources */,
				6003F598195388D20070C39A /* InfoPlist.strings in Resources */,
			);
			runOnlyForDeploymentPostprocessing = 0;
		};
		6003F5AC195388D20070C39A /* Resources */ = {
			isa = PBXResourcesBuildPhase;
			buildActionMask = 2147483647;
			files = (
				6003F5BA195388D20070C39A /* InfoPlist.strings in Resources */,
			);
			runOnlyForDeploymentPostprocessing = 0;
		};
/* End PBXResourcesBuildPhase section */

/* Begin PBXShellScriptBuildPhase section */
		11B2651EA631D513374950F1 /* [CP] Embed Pods Frameworks */ = {
			isa = PBXShellScriptBuildPhase;
			buildActionMask = 2147483647;
			files = (
			);
			inputPaths = (
				"${PODS_ROOT}/Target Support Files/Pods-Transloadit_Tests/Pods-Transloadit_Tests-frameworks.sh",
				"${BUILT_PRODUCTS_DIR}/FBSnapshotTestCase/FBSnapshotTestCase.framework",
			);
			name = "[CP] Embed Pods Frameworks";
			outputPaths = (
				"${TARGET_BUILD_DIR}/${FRAMEWORKS_FOLDER_PATH}/FBSnapshotTestCase.framework",
			);
			runOnlyForDeploymentPostprocessing = 0;
			shellPath = /bin/sh;
			shellScript = "\"${PODS_ROOT}/Target Support Files/Pods-Transloadit_Tests/Pods-Transloadit_Tests-frameworks.sh\"\n";
			showEnvVarsInLog = 0;
		};
		22FBCA1DC0CB045C07DDF17E /* [CP] Embed Pods Frameworks */ = {
			isa = PBXShellScriptBuildPhase;
			buildActionMask = 2147483647;
			files = (
			);
			inputPaths = (
				"${PODS_ROOT}/Target Support Files/Pods-Transloadit_MacOS_Example/Pods-Transloadit_MacOS_Example-frameworks.sh",
				"${BUILT_PRODUCTS_DIR}/TUSKit-macOS/TUSKit.framework",
				"${BUILT_PRODUCTS_DIR}/Transloadit-macOS/Transloadit.framework",
			);
			name = "[CP] Embed Pods Frameworks";
			outputPaths = (
				"${TARGET_BUILD_DIR}/${FRAMEWORKS_FOLDER_PATH}/TUSKit.framework",
				"${TARGET_BUILD_DIR}/${FRAMEWORKS_FOLDER_PATH}/Transloadit.framework",
			);
			runOnlyForDeploymentPostprocessing = 0;
			shellPath = /bin/sh;
			shellScript = "\"${PODS_ROOT}/Target Support Files/Pods-Transloadit_MacOS_Example/Pods-Transloadit_MacOS_Example-frameworks.sh\"\n";
			showEnvVarsInLog = 0;
		};
		92F8071A6315FC3F2D0B29C1 /* [CP] Check Pods Manifest.lock */ = {
			isa = PBXShellScriptBuildPhase;
			buildActionMask = 2147483647;
			files = (
			);
			inputPaths = (
				"${PODS_PODFILE_DIR_PATH}/Podfile.lock",
				"${PODS_ROOT}/Manifest.lock",
			);
			name = "[CP] Check Pods Manifest.lock";
			outputPaths = (
				"$(DERIVED_FILE_DIR)/Pods-Transloadit_Tests-checkManifestLockResult.txt",
			);
			runOnlyForDeploymentPostprocessing = 0;
			shellPath = /bin/sh;
			shellScript = "diff \"${PODS_PODFILE_DIR_PATH}/Podfile.lock\" \"${PODS_ROOT}/Manifest.lock\" > /dev/null\nif [ $? != 0 ] ; then\n    # print error to STDERR\n    echo \"error: The sandbox is not in sync with the Podfile.lock. Run 'pod install' or update your CocoaPods installation.\" >&2\n    exit 1\nfi\n# This output is used by Xcode 'outputs' to avoid re-running this script phase.\necho \"SUCCESS\" > \"${SCRIPT_OUTPUT_FILE_0}\"\n";
			showEnvVarsInLog = 0;
		};
		BF8396DE923B742A8F715289 /* [CP] Check Pods Manifest.lock */ = {
			isa = PBXShellScriptBuildPhase;
			buildActionMask = 2147483647;
			files = (
			);
			inputPaths = (
				"${PODS_PODFILE_DIR_PATH}/Podfile.lock",
				"${PODS_ROOT}/Manifest.lock",
			);
			name = "[CP] Check Pods Manifest.lock";
			outputPaths = (
				"$(DERIVED_FILE_DIR)/Pods-Transloadit_MacOS_Example-checkManifestLockResult.txt",
			);
			runOnlyForDeploymentPostprocessing = 0;
			shellPath = /bin/sh;
			shellScript = "diff \"${PODS_PODFILE_DIR_PATH}/Podfile.lock\" \"${PODS_ROOT}/Manifest.lock\" > /dev/null\nif [ $? != 0 ] ; then\n    # print error to STDERR\n    echo \"error: The sandbox is not in sync with the Podfile.lock. Run 'pod install' or update your CocoaPods installation.\" >&2\n    exit 1\nfi\n# This output is used by Xcode 'outputs' to avoid re-running this script phase.\necho \"SUCCESS\" > \"${SCRIPT_OUTPUT_FILE_0}\"\n";
			showEnvVarsInLog = 0;
		};
		BF982985A8D7CDAB14BB9F29 /* [CP] Check Pods Manifest.lock */ = {
			isa = PBXShellScriptBuildPhase;
			buildActionMask = 2147483647;
			files = (
			);
			inputPaths = (
				"${PODS_PODFILE_DIR_PATH}/Podfile.lock",
				"${PODS_ROOT}/Manifest.lock",
			);
			name = "[CP] Check Pods Manifest.lock";
			outputPaths = (
				"$(DERIVED_FILE_DIR)/Pods-Transloadit_Example-checkManifestLockResult.txt",
			);
			runOnlyForDeploymentPostprocessing = 0;
			shellPath = /bin/sh;
			shellScript = "diff \"${PODS_PODFILE_DIR_PATH}/Podfile.lock\" \"${PODS_ROOT}/Manifest.lock\" > /dev/null\nif [ $? != 0 ] ; then\n    # print error to STDERR\n    echo \"error: The sandbox is not in sync with the Podfile.lock. Run 'pod install' or update your CocoaPods installation.\" >&2\n    exit 1\nfi\n# This output is used by Xcode 'outputs' to avoid re-running this script phase.\necho \"SUCCESS\" > \"${SCRIPT_OUTPUT_FILE_0}\"\n";
			showEnvVarsInLog = 0;
		};
		CFEFA047554B697A3CC73F8F /* [CP] Embed Pods Frameworks */ = {
			isa = PBXShellScriptBuildPhase;
			buildActionMask = 2147483647;
			files = (
			);
			inputPaths = (
				"${PODS_ROOT}/Target Support Files/Pods-Transloadit_Example/Pods-Transloadit_Example-frameworks.sh",
				"${BUILT_PRODUCTS_DIR}/TUSKit-iOS/TUSKit.framework",
				"${BUILT_PRODUCTS_DIR}/Transloadit-iOS/Transloadit.framework",
			);
			name = "[CP] Embed Pods Frameworks";
			outputPaths = (
				"${TARGET_BUILD_DIR}/${FRAMEWORKS_FOLDER_PATH}/TUSKit.framework",
				"${TARGET_BUILD_DIR}/${FRAMEWORKS_FOLDER_PATH}/Transloadit.framework",
			);
			runOnlyForDeploymentPostprocessing = 0;
			shellPath = /bin/sh;
			shellScript = "\"${PODS_ROOT}/Target Support Files/Pods-Transloadit_Example/Pods-Transloadit_Example-frameworks.sh\"\n";
			showEnvVarsInLog = 0;
		};
/* End PBXShellScriptBuildPhase section */

/* Begin PBXSourcesBuildPhase section */
		288D097722DCE5E000F7A3BB /* Sources */ = {
			isa = PBXSourcesBuildPhase;
			buildActionMask = 2147483647;
			files = (
				288D09CA22DCE68E00F7A3BB /* .gitkeep in Sources */,
				288D09CB22DCE68E00F7A3BB /* TransloaditProtocol.h in Sources */,
				288D09CC22DCE68E00F7A3BB /* TransloaditRequest.m in Sources */,
				288D09CD22DCE68E00F7A3BB /* TransloaditDelegate.h in Sources */,
				288D09CE22DCE68E00F7A3BB /* Transloadit.m in Sources */,
				288D09CF22DCE68E00F7A3BB /* NSString+Utils.m in Sources */,
				288D09D022DCE68E00F7A3BB /* TransloaditResponse.m in Sources */,
				288D09D122DCE68E00F7A3BB /* TransloaditRequest.h in Sources */,
				288D09BF22DCE68700F7A3BB /* URLConstants.h in Sources */,
				288D09C022DCE68700F7A3BB /* Assembly.h in Sources */,
				288D09C122DCE68700F7A3BB /* Step.h in Sources */,
				288D09C222DCE68700F7A3BB /* APIObjectType.h in Sources */,
				288D09C322DCE68700F7A3BB /* Template.m in Sources */,
				288D09C422DCE68700F7A3BB /* APIObject.m in Sources */,
				288D09C522DCE68700F7A3BB /* Assembly.m in Sources */,
				288D09C622DCE68700F7A3BB /* Step.m in Sources */,
				288D09C722DCE68700F7A3BB /* APIState.h in Sources */,
				288D09C822DCE68700F7A3BB /* APIObject.h in Sources */,
				288D09C922DCE68700F7A3BB /* Template.h in Sources */,
				288D09BE22DCE68200F7A3BB /* TransloaditConstants.h in Sources */,
				288D09BD22DCE67F00F7A3BB /* Resources.h in Sources */,
				288D09BC22DCE67B00F7A3BB /* TransloaditResponse.h in Sources */,
				288D09BB22DCE67700F7A3BB /* NSString+Utils.h in Sources */,
				288D09BA22DCE67300F7A3BB /* Transloadit.h in Sources */,
				288D09B922DCE67000F7A3BB /* test.jpg in Sources */,
			);
			runOnlyForDeploymentPostprocessing = 0;
		};
		288D097F22DCE5E000F7A3BB /* Sources */ = {
			isa = PBXSourcesBuildPhase;
			buildActionMask = 2147483647;
			files = (
				288D098B22DCE5E000F7A3BB /* TransloaditKitTests.m in Sources */,
			);
			runOnlyForDeploymentPostprocessing = 0;
		};
		28C00B341ECD8F1900430748 /* Sources */ = {
			isa = PBXSourcesBuildPhase;
			buildActionMask = 2147483647;
			files = (
				28C00B421ECD8F1900430748 /* ViewController.m in Sources */,
				28C00B3F1ECD8F1900430748 /* main.m in Sources */,
				28C00B3C1ECD8F1900430748 /* AppDelegate.m in Sources */,
			);
			runOnlyForDeploymentPostprocessing = 0;
		};
		28C00B491ECD8F1900430748 /* Sources */ = {
			isa = PBXSourcesBuildPhase;
			buildActionMask = 2147483647;
			files = (
				28C00B521ECD8F1900430748 /* Transloadit_MacOS_ExampleTests.m in Sources */,
			);
			runOnlyForDeploymentPostprocessing = 0;
		};
		28C00B541ECD8F1900430748 /* Sources */ = {
			isa = PBXSourcesBuildPhase;
			buildActionMask = 2147483647;
			files = (
			);
			runOnlyForDeploymentPostprocessing = 0;
		};
		6003F586195388D20070C39A /* Sources */ = {
			isa = PBXSourcesBuildPhase;
			buildActionMask = 2147483647;
			files = (
				6003F59E195388D20070C39A /* TransloaditAppDelegate.m in Sources */,
				287BD35120EC709900A599C3 /* TransloaditViewController.m in Sources */,
				6003F59A195388D20070C39A /* main.m in Sources */,
			);
			runOnlyForDeploymentPostprocessing = 0;
		};
		6003F5AA195388D20070C39A /* Sources */ = {
			isa = PBXSourcesBuildPhase;
			buildActionMask = 2147483647;
			files = (
				6003F5BC195388D20070C39A /* Tests.m in Sources */,
			);
			runOnlyForDeploymentPostprocessing = 0;
		};
/* End PBXSourcesBuildPhase section */

/* Begin PBXTargetDependency section */
		288D098622DCE5E000F7A3BB /* PBXTargetDependency */ = {
			isa = PBXTargetDependency;
			target = 288D097A22DCE5E000F7A3BB /* TransloaditKit */;
			targetProxy = 288D098522DCE5E000F7A3BB /* PBXContainerItemProxy */;
		};
		288D098822DCE5E000F7A3BB /* PBXTargetDependency */ = {
			isa = PBXTargetDependency;
			target = 6003F589195388D20070C39A /* Transloadit_Example */;
			targetProxy = 288D098722DCE5E000F7A3BB /* PBXContainerItemProxy */;
		};
		288D098F22DCE5E000F7A3BB /* PBXTargetDependency */ = {
			isa = PBXTargetDependency;
			target = 288D097A22DCE5E000F7A3BB /* TransloaditKit */;
			targetProxy = 288D098E22DCE5E000F7A3BB /* PBXContainerItemProxy */;
		};
		28C00B4F1ECD8F1900430748 /* PBXTargetDependency */ = {
			isa = PBXTargetDependency;
			target = 28C00B371ECD8F1900430748 /* Transloadit_MacOS_Example */;
			targetProxy = 28C00B4E1ECD8F1900430748 /* PBXContainerItemProxy */;
		};
		28C00B5A1ECD8F1900430748 /* PBXTargetDependency */ = {
			isa = PBXTargetDependency;
			target = 28C00B371ECD8F1900430748 /* Transloadit_MacOS_Example */;
			targetProxy = 28C00B591ECD8F1900430748 /* PBXContainerItemProxy */;
		};
		6003F5B4195388D20070C39A /* PBXTargetDependency */ = {
			isa = PBXTargetDependency;
			target = 6003F589195388D20070C39A /* Transloadit_Example */;
			targetProxy = 6003F5B3195388D20070C39A /* PBXContainerItemProxy */;
		};
/* End PBXTargetDependency section */

/* Begin PBXVariantGroup section */
		28C00B451ECD8F1900430748 /* Main.storyboard */ = {
			isa = PBXVariantGroup;
			children = (
				28C00B461ECD8F1900430748 /* Base */,
			);
			name = Main.storyboard;
			sourceTree = "<group>";
		};
		6003F596195388D20070C39A /* InfoPlist.strings */ = {
			isa = PBXVariantGroup;
			children = (
				6003F597195388D20070C39A /* en */,
			);
			name = InfoPlist.strings;
			sourceTree = "<group>";
		};
		6003F5B8195388D20070C39A /* InfoPlist.strings */ = {
			isa = PBXVariantGroup;
			children = (
				6003F5B9195388D20070C39A /* en */,
			);
			name = InfoPlist.strings;
			sourceTree = "<group>";
		};
/* End PBXVariantGroup section */

/* Begin XCBuildConfiguration section */
		288D099222DCE5E000F7A3BB /* Debug */ = {
			isa = XCBuildConfiguration;
			buildSettings = {
				CLANG_ANALYZER_NONNULL = YES;
				CLANG_ANALYZER_NUMBER_OBJECT_CONVERSION = YES_AGGRESSIVE;
				CLANG_CXX_LANGUAGE_STANDARD = "gnu++14";
				CLANG_ENABLE_OBJC_WEAK = YES;
				CLANG_WARN_DEPRECATED_OBJC_IMPLEMENTATIONS = YES;
				CLANG_WARN_DOCUMENTATION_COMMENTS = YES;
				CLANG_WARN_OBJC_IMPLICIT_RETAIN_SELF = YES;
				CLANG_WARN_UNGUARDED_AVAILABILITY = YES_AGGRESSIVE;
				CODE_SIGN_IDENTITY = "iPhone Developer";
				CODE_SIGN_STYLE = Automatic;
				CURRENT_PROJECT_VERSION = 1;
				DEBUG_INFORMATION_FORMAT = dwarf;
				DEFINES_MODULE = YES;
				DEVELOPMENT_TEAM = MPKS94G26Q;
				DYLIB_COMPATIBILITY_VERSION = 1;
				DYLIB_CURRENT_VERSION = 1;
				DYLIB_INSTALL_NAME_BASE = "@rpath";
				GCC_C_LANGUAGE_STANDARD = gnu11;
				INFOPLIST_FILE = TransloaditKit/Info.plist;
				INSTALL_PATH = "$(LOCAL_LIBRARY_DIR)/Frameworks";
				IPHONEOS_DEPLOYMENT_TARGET = 12.2;
				LD_RUNPATH_SEARCH_PATHS = "$(inherited) @executable_path/Frameworks @loader_path/Frameworks";
				MTL_ENABLE_DEBUG_INFO = INCLUDE_SOURCE;
				MTL_FAST_MATH = YES;
				PRODUCT_BUNDLE_IDENTIFIER = com.transloadit.TransloaditKit;
				PRODUCT_NAME = "$(TARGET_NAME:c99extidentifier)";
				SKIP_INSTALL = YES;
				TARGETED_DEVICE_FAMILY = "1,2";
				VERSIONING_SYSTEM = "apple-generic";
				VERSION_INFO_PREFIX = "";
			};
			name = Debug;
		};
		288D099322DCE5E000F7A3BB /* Release */ = {
			isa = XCBuildConfiguration;
			buildSettings = {
				CLANG_ANALYZER_NONNULL = YES;
				CLANG_ANALYZER_NUMBER_OBJECT_CONVERSION = YES_AGGRESSIVE;
				CLANG_CXX_LANGUAGE_STANDARD = "gnu++14";
				CLANG_ENABLE_OBJC_WEAK = YES;
				CLANG_WARN_DEPRECATED_OBJC_IMPLEMENTATIONS = YES;
				CLANG_WARN_DOCUMENTATION_COMMENTS = YES;
				CLANG_WARN_OBJC_IMPLICIT_RETAIN_SELF = YES;
				CLANG_WARN_UNGUARDED_AVAILABILITY = YES_AGGRESSIVE;
				CODE_SIGN_IDENTITY = "iPhone Developer";
				CODE_SIGN_STYLE = Automatic;
				COPY_PHASE_STRIP = NO;
				CURRENT_PROJECT_VERSION = 1;
				DEBUG_INFORMATION_FORMAT = "dwarf-with-dsym";
				DEFINES_MODULE = YES;
				DEVELOPMENT_TEAM = MPKS94G26Q;
				DYLIB_COMPATIBILITY_VERSION = 1;
				DYLIB_CURRENT_VERSION = 1;
				DYLIB_INSTALL_NAME_BASE = "@rpath";
				GCC_C_LANGUAGE_STANDARD = gnu11;
				INFOPLIST_FILE = TransloaditKit/Info.plist;
				INSTALL_PATH = "$(LOCAL_LIBRARY_DIR)/Frameworks";
				IPHONEOS_DEPLOYMENT_TARGET = 12.2;
				LD_RUNPATH_SEARCH_PATHS = "$(inherited) @executable_path/Frameworks @loader_path/Frameworks";
				MTL_ENABLE_DEBUG_INFO = NO;
				MTL_FAST_MATH = YES;
				PRODUCT_BUNDLE_IDENTIFIER = com.transloadit.TransloaditKit;
				PRODUCT_NAME = "$(TARGET_NAME:c99extidentifier)";
				SKIP_INSTALL = YES;
				TARGETED_DEVICE_FAMILY = "1,2";
				VERSIONING_SYSTEM = "apple-generic";
				VERSION_INFO_PREFIX = "";
			};
			name = Release;
		};
		288D099422DCE5E000F7A3BB /* Debug */ = {
			isa = XCBuildConfiguration;
			buildSettings = {
				CLANG_ANALYZER_NONNULL = YES;
				CLANG_ANALYZER_NUMBER_OBJECT_CONVERSION = YES_AGGRESSIVE;
				CLANG_CXX_LANGUAGE_STANDARD = "gnu++14";
				CLANG_ENABLE_OBJC_WEAK = YES;
				CLANG_WARN_DEPRECATED_OBJC_IMPLEMENTATIONS = YES;
				CLANG_WARN_DOCUMENTATION_COMMENTS = YES;
				CLANG_WARN_OBJC_IMPLICIT_RETAIN_SELF = YES;
				CLANG_WARN_UNGUARDED_AVAILABILITY = YES_AGGRESSIVE;
				CODE_SIGN_IDENTITY = "iPhone Developer";
				CODE_SIGN_STYLE = Automatic;
				DEBUG_INFORMATION_FORMAT = dwarf;
				DEVELOPMENT_TEAM = MPKS94G26Q;
				GCC_C_LANGUAGE_STANDARD = gnu11;
				INFOPLIST_FILE = TransloaditKitTests/Info.plist;
				IPHONEOS_DEPLOYMENT_TARGET = 12.2;
				LD_RUNPATH_SEARCH_PATHS = "$(inherited) @executable_path/Frameworks @loader_path/Frameworks";
				MTL_ENABLE_DEBUG_INFO = INCLUDE_SOURCE;
				MTL_FAST_MATH = YES;
				PRODUCT_BUNDLE_IDENTIFIER = com.transloadit.TransloaditKitTests;
				PRODUCT_NAME = "$(TARGET_NAME)";
				TARGETED_DEVICE_FAMILY = "1,2";
				TEST_HOST = "$(BUILT_PRODUCTS_DIR)/Transloadit_Example.app/Transloadit_Example";
			};
			name = Debug;
		};
		288D099522DCE5E000F7A3BB /* Release */ = {
			isa = XCBuildConfiguration;
			buildSettings = {
				CLANG_ANALYZER_NONNULL = YES;
				CLANG_ANALYZER_NUMBER_OBJECT_CONVERSION = YES_AGGRESSIVE;
				CLANG_CXX_LANGUAGE_STANDARD = "gnu++14";
				CLANG_ENABLE_OBJC_WEAK = YES;
				CLANG_WARN_DEPRECATED_OBJC_IMPLEMENTATIONS = YES;
				CLANG_WARN_DOCUMENTATION_COMMENTS = YES;
				CLANG_WARN_OBJC_IMPLICIT_RETAIN_SELF = YES;
				CLANG_WARN_UNGUARDED_AVAILABILITY = YES_AGGRESSIVE;
				CODE_SIGN_IDENTITY = "iPhone Developer";
				CODE_SIGN_STYLE = Automatic;
				COPY_PHASE_STRIP = NO;
				DEBUG_INFORMATION_FORMAT = "dwarf-with-dsym";
				DEVELOPMENT_TEAM = MPKS94G26Q;
				GCC_C_LANGUAGE_STANDARD = gnu11;
				INFOPLIST_FILE = TransloaditKitTests/Info.plist;
				IPHONEOS_DEPLOYMENT_TARGET = 12.2;
				LD_RUNPATH_SEARCH_PATHS = "$(inherited) @executable_path/Frameworks @loader_path/Frameworks";
				MTL_ENABLE_DEBUG_INFO = NO;
				MTL_FAST_MATH = YES;
				PRODUCT_BUNDLE_IDENTIFIER = com.transloadit.TransloaditKitTests;
				PRODUCT_NAME = "$(TARGET_NAME)";
				TARGETED_DEVICE_FAMILY = "1,2";
				TEST_HOST = "$(BUILT_PRODUCTS_DIR)/Transloadit_Example.app/Transloadit_Example";
			};
			name = Release;
		};
		28C00B5F1ECD8F1900430748 /* Debug */ = {
			isa = XCBuildConfiguration;
			baseConfigurationReference = 65E16A8EE569809861EF1D39 /* Pods-Transloadit_MacOS_Example.debug.xcconfig */;
			buildSettings = {
				ASSETCATALOG_COMPILER_APPICON_NAME = AppIcon;
				CLANG_ALLOW_NON_MODULAR_INCLUDES_IN_FRAMEWORK_MODULES = YES;
				CLANG_ANALYZER_NONNULL = YES;
				CLANG_ANALYZER_NUMBER_OBJECT_CONVERSION = YES_AGGRESSIVE;
				CLANG_WARN_DOCUMENTATION_COMMENTS = YES;
				CLANG_WARN_INFINITE_RECURSION = YES;
				CLANG_WARN_SUSPICIOUS_MOVE = YES;
				CLANG_WARN_UNREACHABLE_CODE = YES;
				CODE_SIGN_IDENTITY = "-";
				COMBINE_HIDPI_IMAGES = YES;
				DEBUG_INFORMATION_FORMAT = dwarf;
				DEVELOPMENT_TEAM = MPKS94G26Q;
				ENABLE_STRICT_OBJC_MSGSEND = YES;
				GCC_NO_COMMON_BLOCKS = YES;
				INFOPLIST_FILE = Transloadit_MacOS_Example/Info.plist;
				LD_RUNPATH_SEARCH_PATHS = "$(inherited) @executable_path/../Frameworks";
				MACOSX_DEPLOYMENT_TARGET = 10.12;
				MTL_ENABLE_DEBUG_INFO = YES;
				PRODUCT_BUNDLE_IDENTIFIER = "com.transloadit.Transloadit-MacOS-Example";
				PRODUCT_NAME = "$(TARGET_NAME)";
				SDKROOT = macosx;
			};
			name = Debug;
		};
		28C00B601ECD8F1900430748 /* Release */ = {
			isa = XCBuildConfiguration;
			baseConfigurationReference = 00527FF412666775D11D7EF3 /* Pods-Transloadit_MacOS_Example.release.xcconfig */;
			buildSettings = {
				ASSETCATALOG_COMPILER_APPICON_NAME = AppIcon;
				CLANG_ALLOW_NON_MODULAR_INCLUDES_IN_FRAMEWORK_MODULES = YES;
				CLANG_ANALYZER_NONNULL = YES;
				CLANG_ANALYZER_NUMBER_OBJECT_CONVERSION = YES_AGGRESSIVE;
				CLANG_WARN_DOCUMENTATION_COMMENTS = YES;
				CLANG_WARN_INFINITE_RECURSION = YES;
				CLANG_WARN_SUSPICIOUS_MOVE = YES;
				CLANG_WARN_UNREACHABLE_CODE = YES;
				CODE_SIGN_IDENTITY = "-";
				COMBINE_HIDPI_IMAGES = YES;
				COPY_PHASE_STRIP = NO;
				DEBUG_INFORMATION_FORMAT = "dwarf-with-dsym";
				DEVELOPMENT_TEAM = MPKS94G26Q;
				ENABLE_STRICT_OBJC_MSGSEND = YES;
				GCC_NO_COMMON_BLOCKS = YES;
				INFOPLIST_FILE = Transloadit_MacOS_Example/Info.plist;
				LD_RUNPATH_SEARCH_PATHS = "$(inherited) @executable_path/../Frameworks";
				MACOSX_DEPLOYMENT_TARGET = 10.12;
				MTL_ENABLE_DEBUG_INFO = NO;
				PRODUCT_BUNDLE_IDENTIFIER = "com.transloadit.Transloadit-MacOS-Example";
				PRODUCT_NAME = "$(TARGET_NAME)";
				SDKROOT = macosx;
			};
			name = Release;
		};
		28C00B611ECD8F1900430748 /* Debug */ = {
			isa = XCBuildConfiguration;
			buildSettings = {
				BUNDLE_LOADER = "$(TEST_HOST)";
				CLANG_ANALYZER_NONNULL = YES;
				CLANG_ANALYZER_NUMBER_OBJECT_CONVERSION = YES_AGGRESSIVE;
				CLANG_WARN_DOCUMENTATION_COMMENTS = YES;
				CLANG_WARN_INFINITE_RECURSION = YES;
				CLANG_WARN_SUSPICIOUS_MOVE = YES;
				CLANG_WARN_UNREACHABLE_CODE = YES;
				CODE_SIGN_IDENTITY = "-";
				COMBINE_HIDPI_IMAGES = YES;
				DEBUG_INFORMATION_FORMAT = dwarf;
				DEVELOPMENT_TEAM = MPKS94G26Q;
				ENABLE_STRICT_OBJC_MSGSEND = YES;
				GCC_NO_COMMON_BLOCKS = YES;
				INFOPLIST_FILE = Transloadit_MacOS_ExampleTests/Info.plist;
				LD_RUNPATH_SEARCH_PATHS = "$(inherited) @executable_path/../Frameworks @loader_path/../Frameworks";
				MACOSX_DEPLOYMENT_TARGET = 10.12;
				MTL_ENABLE_DEBUG_INFO = YES;
				PRODUCT_BUNDLE_IDENTIFIER = "com.transloadit.Transloadit-MacOS-ExampleTests";
				PRODUCT_NAME = "$(TARGET_NAME)";
				SDKROOT = macosx;
				TEST_HOST = "$(BUILT_PRODUCTS_DIR)/Transloadit_MacOS_Example.app/Contents/MacOS/Transloadit_MacOS_Example";
			};
			name = Debug;
		};
		28C00B621ECD8F1900430748 /* Release */ = {
			isa = XCBuildConfiguration;
			buildSettings = {
				BUNDLE_LOADER = "$(TEST_HOST)";
				CLANG_ANALYZER_NONNULL = YES;
				CLANG_ANALYZER_NUMBER_OBJECT_CONVERSION = YES_AGGRESSIVE;
				CLANG_WARN_DOCUMENTATION_COMMENTS = YES;
				CLANG_WARN_INFINITE_RECURSION = YES;
				CLANG_WARN_SUSPICIOUS_MOVE = YES;
				CLANG_WARN_UNREACHABLE_CODE = YES;
				CODE_SIGN_IDENTITY = "-";
				COMBINE_HIDPI_IMAGES = YES;
				COPY_PHASE_STRIP = NO;
				DEBUG_INFORMATION_FORMAT = "dwarf-with-dsym";
				DEVELOPMENT_TEAM = MPKS94G26Q;
				ENABLE_STRICT_OBJC_MSGSEND = YES;
				GCC_NO_COMMON_BLOCKS = YES;
				INFOPLIST_FILE = Transloadit_MacOS_ExampleTests/Info.plist;
				LD_RUNPATH_SEARCH_PATHS = "$(inherited) @executable_path/../Frameworks @loader_path/../Frameworks";
				MACOSX_DEPLOYMENT_TARGET = 10.12;
				MTL_ENABLE_DEBUG_INFO = NO;
				PRODUCT_BUNDLE_IDENTIFIER = "com.transloadit.Transloadit-MacOS-ExampleTests";
				PRODUCT_NAME = "$(TARGET_NAME)";
				SDKROOT = macosx;
				TEST_HOST = "$(BUILT_PRODUCTS_DIR)/Transloadit_MacOS_Example.app/Contents/MacOS/Transloadit_MacOS_Example";
			};
			name = Release;
		};
		28C00B631ECD8F1900430748 /* Debug */ = {
			isa = XCBuildConfiguration;
			buildSettings = {
				CLANG_ANALYZER_NONNULL = YES;
				CLANG_ANALYZER_NUMBER_OBJECT_CONVERSION = YES_AGGRESSIVE;
				CLANG_WARN_DOCUMENTATION_COMMENTS = YES;
				CLANG_WARN_INFINITE_RECURSION = YES;
				CLANG_WARN_SUSPICIOUS_MOVE = YES;
				CLANG_WARN_UNREACHABLE_CODE = YES;
				CODE_SIGN_IDENTITY = "-";
				COMBINE_HIDPI_IMAGES = YES;
				DEBUG_INFORMATION_FORMAT = dwarf;
				DEVELOPMENT_TEAM = MPKS94G26Q;
				ENABLE_STRICT_OBJC_MSGSEND = YES;
				GCC_NO_COMMON_BLOCKS = YES;
				INFOPLIST_FILE = Transloadit_MacOS_ExampleUITests/Info.plist;
				LD_RUNPATH_SEARCH_PATHS = "$(inherited) @executable_path/../Frameworks @loader_path/../Frameworks";
				MACOSX_DEPLOYMENT_TARGET = 10.12;
				MTL_ENABLE_DEBUG_INFO = YES;
				PRODUCT_BUNDLE_IDENTIFIER = "com.transloadit.Transloadit-MacOS-ExampleUITests";
				PRODUCT_NAME = "$(TARGET_NAME)";
				SDKROOT = macosx;
				TEST_TARGET_NAME = Transloadit_MacOS_Example;
			};
			name = Debug;
		};
		28C00B641ECD8F1900430748 /* Release */ = {
			isa = XCBuildConfiguration;
			buildSettings = {
				CLANG_ANALYZER_NONNULL = YES;
				CLANG_ANALYZER_NUMBER_OBJECT_CONVERSION = YES_AGGRESSIVE;
				CLANG_WARN_DOCUMENTATION_COMMENTS = YES;
				CLANG_WARN_INFINITE_RECURSION = YES;
				CLANG_WARN_SUSPICIOUS_MOVE = YES;
				CLANG_WARN_UNREACHABLE_CODE = YES;
				CODE_SIGN_IDENTITY = "-";
				COMBINE_HIDPI_IMAGES = YES;
				COPY_PHASE_STRIP = NO;
				DEBUG_INFORMATION_FORMAT = "dwarf-with-dsym";
				DEVELOPMENT_TEAM = MPKS94G26Q;
				ENABLE_STRICT_OBJC_MSGSEND = YES;
				GCC_NO_COMMON_BLOCKS = YES;
				INFOPLIST_FILE = Transloadit_MacOS_ExampleUITests/Info.plist;
				LD_RUNPATH_SEARCH_PATHS = "$(inherited) @executable_path/../Frameworks @loader_path/../Frameworks";
				MACOSX_DEPLOYMENT_TARGET = 10.12;
				MTL_ENABLE_DEBUG_INFO = NO;
				PRODUCT_BUNDLE_IDENTIFIER = "com.transloadit.Transloadit-MacOS-ExampleUITests";
				PRODUCT_NAME = "$(TARGET_NAME)";
				SDKROOT = macosx;
				TEST_TARGET_NAME = Transloadit_MacOS_Example;
			};
			name = Release;
		};
		6003F5BD195388D20070C39A /* Debug */ = {
			isa = XCBuildConfiguration;
			buildSettings = {
				ALWAYS_SEARCH_USER_PATHS = NO;
				CLANG_ALLOW_NON_MODULAR_INCLUDES_IN_FRAMEWORK_MODULES = NO;
				CLANG_CXX_LANGUAGE_STANDARD = "gnu++0x";
				CLANG_CXX_LIBRARY = "libc++";
				CLANG_ENABLE_MODULES = YES;
				CLANG_ENABLE_OBJC_ARC = YES;
				CLANG_WARN_BLOCK_CAPTURE_AUTORELEASING = YES;
				CLANG_WARN_BOOL_CONVERSION = YES;
				CLANG_WARN_COMMA = YES;
				CLANG_WARN_CONSTANT_CONVERSION = YES;
				CLANG_WARN_DIRECT_OBJC_ISA_USAGE = YES_ERROR;
				CLANG_WARN_EMPTY_BODY = YES;
				CLANG_WARN_ENUM_CONVERSION = YES;
				CLANG_WARN_INFINITE_RECURSION = YES;
				CLANG_WARN_INT_CONVERSION = YES;
				CLANG_WARN_NON_LITERAL_NULL_CONVERSION = YES;
				CLANG_WARN_OBJC_LITERAL_CONVERSION = YES;
				CLANG_WARN_OBJC_ROOT_CLASS = YES_ERROR;
				CLANG_WARN_RANGE_LOOP_ANALYSIS = YES;
				CLANG_WARN_STRICT_PROTOTYPES = YES;
				CLANG_WARN_SUSPICIOUS_MOVE = YES;
				CLANG_WARN_UNREACHABLE_CODE = YES;
				CLANG_WARN__DUPLICATE_METHOD_MATCH = YES;
				"CODE_SIGN_IDENTITY[sdk=iphoneos*]" = "iPhone Developer";
				COPY_PHASE_STRIP = NO;
				ENABLE_STRICT_OBJC_MSGSEND = YES;
				ENABLE_TESTABILITY = YES;
				GCC_C_LANGUAGE_STANDARD = gnu99;
				GCC_DYNAMIC_NO_PIC = NO;
				GCC_NO_COMMON_BLOCKS = YES;
				GCC_OPTIMIZATION_LEVEL = 0;
				GCC_PREPROCESSOR_DEFINITIONS = (
					"DEBUG=1",
					"$(inherited)",
				);
				GCC_SYMBOLS_PRIVATE_EXTERN = NO;
				GCC_WARN_64_TO_32_BIT_CONVERSION = YES;
				GCC_WARN_ABOUT_RETURN_TYPE = YES_ERROR;
				GCC_WARN_UNDECLARED_SELECTOR = YES;
				GCC_WARN_UNINITIALIZED_AUTOS = YES_AGGRESSIVE;
				GCC_WARN_UNUSED_FUNCTION = YES;
				GCC_WARN_UNUSED_VARIABLE = YES;
				IPHONEOS_DEPLOYMENT_TARGET = 8.3;
				ONLY_ACTIVE_ARCH = YES;
				SDKROOT = iphoneos;
				TARGETED_DEVICE_FAMILY = "1,2";
			};
			name = Debug;
		};
		6003F5BE195388D20070C39A /* Release */ = {
			isa = XCBuildConfiguration;
			buildSettings = {
				ALWAYS_SEARCH_USER_PATHS = NO;
				CLANG_ALLOW_NON_MODULAR_INCLUDES_IN_FRAMEWORK_MODULES = NO;
				CLANG_CXX_LANGUAGE_STANDARD = "gnu++0x";
				CLANG_CXX_LIBRARY = "libc++";
				CLANG_ENABLE_MODULES = YES;
				CLANG_ENABLE_OBJC_ARC = YES;
				CLANG_WARN_BLOCK_CAPTURE_AUTORELEASING = YES;
				CLANG_WARN_BOOL_CONVERSION = YES;
				CLANG_WARN_COMMA = YES;
				CLANG_WARN_CONSTANT_CONVERSION = YES;
				CLANG_WARN_DIRECT_OBJC_ISA_USAGE = YES_ERROR;
				CLANG_WARN_EMPTY_BODY = YES;
				CLANG_WARN_ENUM_CONVERSION = YES;
				CLANG_WARN_INFINITE_RECURSION = YES;
				CLANG_WARN_INT_CONVERSION = YES;
				CLANG_WARN_NON_LITERAL_NULL_CONVERSION = YES;
				CLANG_WARN_OBJC_LITERAL_CONVERSION = YES;
				CLANG_WARN_OBJC_ROOT_CLASS = YES_ERROR;
				CLANG_WARN_RANGE_LOOP_ANALYSIS = YES;
				CLANG_WARN_STRICT_PROTOTYPES = YES;
				CLANG_WARN_SUSPICIOUS_MOVE = YES;
				CLANG_WARN_UNREACHABLE_CODE = YES;
				CLANG_WARN__DUPLICATE_METHOD_MATCH = YES;
				"CODE_SIGN_IDENTITY[sdk=iphoneos*]" = "iPhone Developer";
				COPY_PHASE_STRIP = YES;
				ENABLE_NS_ASSERTIONS = NO;
				ENABLE_STRICT_OBJC_MSGSEND = YES;
				GCC_C_LANGUAGE_STANDARD = gnu99;
				GCC_NO_COMMON_BLOCKS = YES;
				GCC_WARN_64_TO_32_BIT_CONVERSION = YES;
				GCC_WARN_ABOUT_RETURN_TYPE = YES_ERROR;
				GCC_WARN_UNDECLARED_SELECTOR = YES;
				GCC_WARN_UNINITIALIZED_AUTOS = YES_AGGRESSIVE;
				GCC_WARN_UNUSED_FUNCTION = YES;
				GCC_WARN_UNUSED_VARIABLE = YES;
				IPHONEOS_DEPLOYMENT_TARGET = 8.3;
				SDKROOT = iphoneos;
				SWIFT_OPTIMIZATION_LEVEL = "-Owholemodule";
				TARGETED_DEVICE_FAMILY = "1,2";
				VALIDATE_PRODUCT = YES;
			};
			name = Release;
		};
		6003F5C0195388D20070C39A /* Debug */ = {
			isa = XCBuildConfiguration;
			baseConfigurationReference = 537323ADD6A7804CD526F2EC /* Pods-Transloadit_Example.debug.xcconfig */;
			buildSettings = {
				ASSETCATALOG_COMPILER_APPICON_NAME = AppIcon;
				ASSETCATALOG_COMPILER_LAUNCHIMAGE_NAME = LaunchImage;
				CLANG_ALLOW_NON_MODULAR_INCLUDES_IN_FRAMEWORK_MODULES = YES;
				CLANG_ENABLE_MODULES = YES;
				CODE_SIGN_IDENTITY = "iPhone Developer";
				DEVELOPMENT_TEAM = MPKS94G26Q;
				GCC_PRECOMPILE_PREFIX_HEADER = YES;
				GCC_PREFIX_HEADER = "Transloadit/Transloadit-Prefix.pch";
				HEADER_SEARCH_PATHS = "";
				INFOPLIST_FILE = "Transloadit/Transloadit-Info.plist";
				IPHONEOS_DEPLOYMENT_TARGET = 9.0;
				LD_RUNPATH_SEARCH_PATHS = "$(inherited) @executable_path/Frameworks";
				MODULE_NAME = ExampleApp;
				PRODUCT_BUNDLE_IDENTIFIER = "org.cocoapods.demo.${PRODUCT_NAME:rfc1034identifier}";
				PRODUCT_NAME = "$(TARGET_NAME)";
				SWIFT_INCLUDE_PATHS = "";
				SWIFT_OPTIMIZATION_LEVEL = "-Onone";
				SWIFT_VERSION = 3.0;
				WRAPPER_EXTENSION = app;
			};
			name = Debug;
		};
		6003F5C1195388D20070C39A /* Release */ = {
			isa = XCBuildConfiguration;
			baseConfigurationReference = EA9F4436920D9BD937E967A2 /* Pods-Transloadit_Example.release.xcconfig */;
			buildSettings = {
				ASSETCATALOG_COMPILER_APPICON_NAME = AppIcon;
				ASSETCATALOG_COMPILER_LAUNCHIMAGE_NAME = LaunchImage;
				CLANG_ALLOW_NON_MODULAR_INCLUDES_IN_FRAMEWORK_MODULES = YES;
				CLANG_ENABLE_MODULES = YES;
				CODE_SIGN_IDENTITY = "iPhone Developer";
				DEVELOPMENT_TEAM = MPKS94G26Q;
				GCC_PRECOMPILE_PREFIX_HEADER = YES;
				GCC_PREFIX_HEADER = "Transloadit/Transloadit-Prefix.pch";
				HEADER_SEARCH_PATHS = "";
				INFOPLIST_FILE = "Transloadit/Transloadit-Info.plist";
				IPHONEOS_DEPLOYMENT_TARGET = 9.0;
				LD_RUNPATH_SEARCH_PATHS = "$(inherited) @executable_path/Frameworks";
				MODULE_NAME = ExampleApp;
				PRODUCT_BUNDLE_IDENTIFIER = "org.cocoapods.demo.${PRODUCT_NAME:rfc1034identifier}";
				PRODUCT_NAME = "$(TARGET_NAME)";
				SWIFT_INCLUDE_PATHS = "";
				SWIFT_VERSION = 3.0;
				WRAPPER_EXTENSION = app;
			};
			name = Release;
		};
		6003F5C3195388D20070C39A /* Debug */ = {
			isa = XCBuildConfiguration;
			baseConfigurationReference = C4DC71FF827E294252051851 /* Pods-Transloadit_Tests.debug.xcconfig */;
			buildSettings = {
				BUNDLE_LOADER = "$(TEST_HOST)";
				CLANG_ALLOW_NON_MODULAR_INCLUDES_IN_FRAMEWORK_MODULES = YES;
				FRAMEWORK_SEARCH_PATHS = (
					"$(SDKROOT)/Developer/Library/Frameworks",
					"$(inherited)",
					"$(DEVELOPER_FRAMEWORKS_DIR)",
				);
				GCC_PRECOMPILE_PREFIX_HEADER = YES;
				GCC_PREFIX_HEADER = "Tests/Tests-Prefix.pch";
				GCC_PREPROCESSOR_DEFINITIONS = (
					"DEBUG=1",
					"$(inherited)",
				);
				INFOPLIST_FILE = "Tests/Tests-Info.plist";
				PRODUCT_BUNDLE_IDENTIFIER = "org.cocoapods.demo.${PRODUCT_NAME:rfc1034identifier}";
				PRODUCT_NAME = "$(TARGET_NAME)";
				SWIFT_VERSION = 3.0;
				TEST_HOST = "$(BUILT_PRODUCTS_DIR)/Transloadit_Example.app/Transloadit_Example";
				WRAPPER_EXTENSION = xctest;
			};
			name = Debug;
		};
		6003F5C4195388D20070C39A /* Release */ = {
			isa = XCBuildConfiguration;
			baseConfigurationReference = 7D68932393C52ADDAE39EEB9 /* Pods-Transloadit_Tests.release.xcconfig */;
			buildSettings = {
				BUNDLE_LOADER = "$(TEST_HOST)";
				CLANG_ALLOW_NON_MODULAR_INCLUDES_IN_FRAMEWORK_MODULES = YES;
				FRAMEWORK_SEARCH_PATHS = (
					"$(SDKROOT)/Developer/Library/Frameworks",
					"$(inherited)",
					"$(DEVELOPER_FRAMEWORKS_DIR)",
				);
				GCC_PRECOMPILE_PREFIX_HEADER = YES;
				GCC_PREFIX_HEADER = "Tests/Tests-Prefix.pch";
				INFOPLIST_FILE = "Tests/Tests-Info.plist";
				PRODUCT_BUNDLE_IDENTIFIER = "org.cocoapods.demo.${PRODUCT_NAME:rfc1034identifier}";
				PRODUCT_NAME = "$(TARGET_NAME)";
				SWIFT_VERSION = 3.0;
				TEST_HOST = "$(BUILT_PRODUCTS_DIR)/Transloadit_Example.app/Transloadit_Example";
				WRAPPER_EXTENSION = xctest;
			};
			name = Release;
		};
/* End XCBuildConfiguration section */

/* Begin XCConfigurationList section */
		288D099622DCE5E000F7A3BB /* Build configuration list for PBXNativeTarget "TransloaditKit" */ = {
			isa = XCConfigurationList;
			buildConfigurations = (
				288D099222DCE5E000F7A3BB /* Debug */,
				288D099322DCE5E000F7A3BB /* Release */,
			);
			defaultConfigurationIsVisible = 0;
			defaultConfigurationName = Release;
		};
		288D099722DCE5E000F7A3BB /* Build configuration list for PBXNativeTarget "TransloaditKitTests" */ = {
			isa = XCConfigurationList;
			buildConfigurations = (
				288D099422DCE5E000F7A3BB /* Debug */,
				288D099522DCE5E000F7A3BB /* Release */,
			);
			defaultConfigurationIsVisible = 0;
			defaultConfigurationName = Release;
		};
		28C00B651ECD8F1900430748 /* Build configuration list for PBXNativeTarget "Transloadit_MacOS_Example" */ = {
			isa = XCConfigurationList;
			buildConfigurations = (
				28C00B5F1ECD8F1900430748 /* Debug */,
				28C00B601ECD8F1900430748 /* Release */,
			);
			defaultConfigurationIsVisible = 0;
			defaultConfigurationName = Release;
		};
		28C00B661ECD8F1900430748 /* Build configuration list for PBXNativeTarget "Transloadit_MacOS_ExampleTests" */ = {
			isa = XCConfigurationList;
			buildConfigurations = (
				28C00B611ECD8F1900430748 /* Debug */,
				28C00B621ECD8F1900430748 /* Release */,
			);
			defaultConfigurationIsVisible = 0;
			defaultConfigurationName = Release;
		};
		28C00B671ECD8F1900430748 /* Build configuration list for PBXNativeTarget "Transloadit_MacOS_ExampleUITests" */ = {
			isa = XCConfigurationList;
			buildConfigurations = (
				28C00B631ECD8F1900430748 /* Debug */,
				28C00B641ECD8F1900430748 /* Release */,
			);
			defaultConfigurationIsVisible = 0;
			defaultConfigurationName = Release;
		};
		6003F585195388D10070C39A /* Build configuration list for PBXProject "Transloadit" */ = {
			isa = XCConfigurationList;
			buildConfigurations = (
				6003F5BD195388D20070C39A /* Debug */,
				6003F5BE195388D20070C39A /* Release */,
			);
			defaultConfigurationIsVisible = 0;
			defaultConfigurationName = Release;
		};
		6003F5BF195388D20070C39A /* Build configuration list for PBXNativeTarget "Transloadit_Example" */ = {
			isa = XCConfigurationList;
			buildConfigurations = (
				6003F5C0195388D20070C39A /* Debug */,
				6003F5C1195388D20070C39A /* Release */,
			);
			defaultConfigurationIsVisible = 0;
			defaultConfigurationName = Release;
		};
		6003F5C2195388D20070C39A /* Build configuration list for PBXNativeTarget "Transloadit_Tests" */ = {
			isa = XCConfigurationList;
			buildConfigurations = (
				6003F5C3195388D20070C39A /* Debug */,
				6003F5C4195388D20070C39A /* Release */,
			);
			defaultConfigurationIsVisible = 0;
			defaultConfigurationName = Release;
		};
/* End XCConfigurationList section */
	};
	rootObject = 6003F582195388D10070C39A /* Project object */;
}
